// !$*UTF8*$!
{
	archiveVersion = 1;
	classes = {
	};
	objectVersion = 56;
	objects = {

/* Begin PBXBuildFile section */
		5F9D1F2029FBFFF20038C5DE /* AppDelegate.swift in Sources */ = {isa = PBXBuildFile; fileRef = 5F9D1F1F29FBFFF20038C5DE /* AppDelegate.swift */; };
		5F9D1F2229FBFFF20038C5DE /* SceneDelegate.swift in Sources */ = {isa = PBXBuildFile; fileRef = 5F9D1F2129FBFFF20038C5DE /* SceneDelegate.swift */; };
		5F9D1F2429FBFFF20038C5DE /* ViewController.swift in Sources */ = {isa = PBXBuildFile; fileRef = 5F9D1F2329FBFFF20038C5DE /* ViewController.swift */; };
		5F9D1F2729FBFFF20038C5DE /* Main.storyboard in Resources */ = {isa = PBXBuildFile; fileRef = 5F9D1F2529FBFFF20038C5DE /* Main.storyboard */; };
		5F9D1F2929FBFFF30038C5DE /* Assets.xcassets in Resources */ = {isa = PBXBuildFile; fileRef = 5F9D1F2829FBFFF30038C5DE /* Assets.xcassets */; };
		5F9D1F2C29FBFFF30038C5DE /* LaunchScreen.storyboard in Resources */ = {isa = PBXBuildFile; fileRef = 5F9D1F2A29FBFFF30038C5DE /* LaunchScreen.storyboard */; };
		5F9D1F3729FBFFF30038C5DE /* NotificationCenter_UygulamaTests.swift in Sources */ = {isa = PBXBuildFile; fileRef = 5F9D1F3629FBFFF30038C5DE /* NotificationCenter_UygulamaTests.swift */; };
		5F9D1F4129FBFFF30038C5DE /* NotificationCenter_UygulamaUITests.swift in Sources */ = {isa = PBXBuildFile; fileRef = 5F9D1F4029FBFFF30038C5DE /* NotificationCenter_UygulamaUITests.swift */; };
		5F9D1F4329FBFFF30038C5DE /* NotificationCenter_UygulamaUITestsLaunchTests.swift in Sources */ = {isa = PBXBuildFile; fileRef = 5F9D1F4229FBFFF30038C5DE /* NotificationCenter_UygulamaUITestsLaunchTests.swift */; };
/* End PBXBuildFile section */

/* Begin PBXContainerItemProxy section */
		5F9D1F3329FBFFF30038C5DE /* PBXContainerItemProxy */ = {
			isa = PBXContainerItemProxy;
			containerPortal = 5F9D1F1429FBFFF20038C5DE /* Project object */;
			proxyType = 1;
			remoteGlobalIDString = 5F9D1F1B29FBFFF20038C5DE;
			remoteInfo = NotificationCenter_Uygulama;
		};
		5F9D1F3D29FBFFF30038C5DE /* PBXContainerItemProxy */ = {
			isa = PBXContainerItemProxy;
			containerPortal = 5F9D1F1429FBFFF20038C5DE /* Project object */;
			proxyType = 1;
			remoteGlobalIDString = 5F9D1F1B29FBFFF20038C5DE;
			remoteInfo = NotificationCenter_Uygulama;
		};
/* End PBXContainerItemProxy section */

/* Begin PBXFileReference section */
		5F9D1F1C29FBFFF20038C5DE /* NotificationCenter_Uygulama.app */ = {isa = PBXFileReference; explicitFileType = wrapper.application; includeInIndex = 0; path = NotificationCenter_Uygulama.app; sourceTree = BUILT_PRODUCTS_DIR; };
		5F9D1F1F29FBFFF20038C5DE /* AppDelegate.swift */ = {isa = PBXFileReference; lastKnownFileType = sourcecode.swift; path = AppDelegate.swift; sourceTree = "<group>"; };
		5F9D1F2129FBFFF20038C5DE /* SceneDelegate.swift */ = {isa = PBXFileReference; lastKnownFileType = sourcecode.swift; path = SceneDelegate.swift; sourceTree = "<group>"; };
		5F9D1F2329FBFFF20038C5DE /* ViewController.swift */ = {isa = PBXFileReference; lastKnownFileType = sourcecode.swift; path = ViewController.swift; sourceTree = "<group>"; };
		5F9D1F2629FBFFF20038C5DE /* Base */ = {isa = PBXFileReference; lastKnownFileType = file.storyboard; name = Base; path = Base.lproj/Main.storyboard; sourceTree = "<group>"; };
		5F9D1F2829FBFFF30038C5DE /* Assets.xcassets */ = {isa = PBXFileReference; lastKnownFileType = folder.assetcatalog; path = Assets.xcassets; sourceTree = "<group>"; };
		5F9D1F2B29FBFFF30038C5DE /* Base */ = {isa = PBXFileReference; lastKnownFileType = file.storyboard; name = Base; path = Base.lproj/LaunchScreen.storyboard; sourceTree = "<group>"; };
		5F9D1F2D29FBFFF30038C5DE /* Info.plist */ = {isa = PBXFileReference; lastKnownFileType = text.plist.xml; path = Info.plist; sourceTree = "<group>"; };
		5F9D1F3229FBFFF30038C5DE /* NotificationCenter_UygulamaTests.xctest */ = {isa = PBXFileReference; explicitFileType = wrapper.cfbundle; includeInIndex = 0; path = NotificationCenter_UygulamaTests.xctest; sourceTree = BUILT_PRODUCTS_DIR; };
		5F9D1F3629FBFFF30038C5DE /* NotificationCenter_UygulamaTests.swift */ = {isa = PBXFileReference; lastKnownFileType = sourcecode.swift; path = NotificationCenter_UygulamaTests.swift; sourceTree = "<group>"; };
		5F9D1F3C29FBFFF30038C5DE /* NotificationCenter_UygulamaUITests.xctest */ = {isa = PBXFileReference; explicitFileType = wrapper.cfbundle; includeInIndex = 0; path = NotificationCenter_UygulamaUITests.xctest; sourceTree = BUILT_PRODUCTS_DIR; };
		5F9D1F4029FBFFF30038C5DE /* NotificationCenter_UygulamaUITests.swift */ = {isa = PBXFileReference; lastKnownFileType = sourcecode.swift; path = NotificationCenter_UygulamaUITests.swift; sourceTree = "<group>"; };
		5F9D1F4229FBFFF30038C5DE /* NotificationCenter_UygulamaUITestsLaunchTests.swift */ = {isa = PBXFileReference; lastKnownFileType = sourcecode.swift; path = NotificationCenter_UygulamaUITestsLaunchTests.swift; sourceTree = "<group>"; };
/* End PBXFileReference section */

/* Begin PBXFrameworksBuildPhase section */
		5F9D1F1929FBFFF20038C5DE /* Frameworks */ = {
			isa = PBXFrameworksBuildPhase;
			buildActionMask = 2147483647;
			files = (
			);
			runOnlyForDeploymentPostprocessing = 0;
		};
		5F9D1F2F29FBFFF30038C5DE /* Frameworks */ = {
			isa = PBXFrameworksBuildPhase;
			buildActionMask = 2147483647;
			files = (
			);
			runOnlyForDeploymentPostprocessing = 0;
		};
		5F9D1F3929FBFFF30038C5DE /* Frameworks */ = {
			isa = PBXFrameworksBuildPhase;
			buildActionMask = 2147483647;
			files = (
			);
			runOnlyForDeploymentPostprocessing = 0;
		};
/* End PBXFrameworksBuildPhase section */

/* Begin PBXGroup section */
		5F9D1F1329FBFFF20038C5DE = {
			isa = PBXGroup;
			children = (
				5F9D1F1E29FBFFF20038C5DE /* NotificationCenter_Uygulama */,
				5F9D1F3529FBFFF30038C5DE /* NotificationCenter_UygulamaTests */,
				5F9D1F3F29FBFFF30038C5DE /* NotificationCenter_UygulamaUITests */,
				5F9D1F1D29FBFFF20038C5DE /* Products */,
			);
			sourceTree = "<group>";
		};
		5F9D1F1D29FBFFF20038C5DE /* Products */ = {
			isa = PBXGroup;
			children = (
				5F9D1F1C29FBFFF20038C5DE /* NotificationCenter_Uygulama.app */,
				5F9D1F3229FBFFF30038C5DE /* NotificationCenter_UygulamaTests.xctest */,
				5F9D1F3C29FBFFF30038C5DE /* NotificationCenter_UygulamaUITests.xctest */,
			);
			name = Products;
			sourceTree = "<group>";
		};
		5F9D1F1E29FBFFF20038C5DE /* NotificationCenter_Uygulama */ = {
			isa = PBXGroup;
			children = (
				5F9D1F1F29FBFFF20038C5DE /* AppDelegate.swift */,
				5F9D1F2129FBFFF20038C5DE /* SceneDelegate.swift */,
				5F9D1F2329FBFFF20038C5DE /* ViewController.swift */,
				5F9D1F2529FBFFF20038C5DE /* Main.storyboard */,
				5F9D1F2829FBFFF30038C5DE /* Assets.xcassets */,
				5F9D1F2A29FBFFF30038C5DE /* LaunchScreen.storyboard */,
				5F9D1F2D29FBFFF30038C5DE /* Info.plist */,
			);
			path = NotificationCenter_Uygulama;
			sourceTree = "<group>";
		};
		5F9D1F3529FBFFF30038C5DE /* NotificationCenter_UygulamaTests */ = {
			isa = PBXGroup;
			children = (
				5F9D1F3629FBFFF30038C5DE /* NotificationCenter_UygulamaTests.swift */,
			);
			path = NotificationCenter_UygulamaTests;
			sourceTree = "<group>";
		};
		5F9D1F3F29FBFFF30038C5DE /* NotificationCenter_UygulamaUITests */ = {
			isa = PBXGroup;
			children = (
				5F9D1F4029FBFFF30038C5DE /* NotificationCenter_UygulamaUITests.swift */,
				5F9D1F4229FBFFF30038C5DE /* NotificationCenter_UygulamaUITestsLaunchTests.swift */,
			);
			path = NotificationCenter_UygulamaUITests;
			sourceTree = "<group>";
		};
/* End PBXGroup section */

/* Begin PBXNativeTarget section */
		5F9D1F1B29FBFFF20038C5DE /* NotificationCenter_Uygulama */ = {
			isa = PBXNativeTarget;
			buildConfigurationList = 5F9D1F4629FBFFF30038C5DE /* Build configuration list for PBXNativeTarget "NotificationCenter_Uygulama" */;
			buildPhases = (
				5F9D1F1829FBFFF20038C5DE /* Sources */,
				5F9D1F1929FBFFF20038C5DE /* Frameworks */,
				5F9D1F1A29FBFFF20038C5DE /* Resources */,
			);
			buildRules = (
			);
			dependencies = (
			);
			name = NotificationCenter_Uygulama;
			productName = NotificationCenter_Uygulama;
			productReference = 5F9D1F1C29FBFFF20038C5DE /* NotificationCenter_Uygulama.app */;
			productType = "com.apple.product-type.application";
		};
		5F9D1F3129FBFFF30038C5DE /* NotificationCenter_UygulamaTests */ = {
			isa = PBXNativeTarget;
			buildConfigurationList = 5F9D1F4929FBFFF30038C5DE /* Build configuration list for PBXNativeTarget "NotificationCenter_UygulamaTests" */;
			buildPhases = (
				5F9D1F2E29FBFFF30038C5DE /* Sources */,
				5F9D1F2F29FBFFF30038C5DE /* Frameworks */,
				5F9D1F3029FBFFF30038C5DE /* Resources */,
			);
			buildRules = (
			);
			dependencies = (
				5F9D1F3429FBFFF30038C5DE /* PBXTargetDependency */,
			);
			name = NotificationCenter_UygulamaTests;
			productName = NotificationCenter_UygulamaTests;
			productReference = 5F9D1F3229FBFFF30038C5DE /* NotificationCenter_UygulamaTests.xctest */;
			productType = "com.apple.product-type.bundle.unit-test";
		};
		5F9D1F3B29FBFFF30038C5DE /* NotificationCenter_UygulamaUITests */ = {
			isa = PBXNativeTarget;
			buildConfigurationList = 5F9D1F4C29FBFFF30038C5DE /* Build configuration list for PBXNativeTarget "NotificationCenter_UygulamaUITests" */;
			buildPhases = (
				5F9D1F3829FBFFF30038C5DE /* Sources */,
				5F9D1F3929FBFFF30038C5DE /* Frameworks */,
				5F9D1F3A29FBFFF30038C5DE /* Resources */,
			);
			buildRules = (
			);
			dependencies = (
				5F9D1F3E29FBFFF30038C5DE /* PBXTargetDependency */,
			);
			name = NotificationCenter_UygulamaUITests;
			productName = NotificationCenter_UygulamaUITests;
			productReference = 5F9D1F3C29FBFFF30038C5DE /* NotificationCenter_UygulamaUITests.xctest */;
			productType = "com.apple.product-type.bundle.ui-testing";
		};
/* End PBXNativeTarget section */

/* Begin PBXProject section */
		5F9D1F1429FBFFF20038C5DE /* Project object */ = {
			isa = PBXProject;
			attributes = {
				BuildIndependentTargetsInParallel = 1;
				LastSwiftUpdateCheck = 1430;
				LastUpgradeCheck = 1430;
				TargetAttributes = {
					5F9D1F1B29FBFFF20038C5DE = {
						CreatedOnToolsVersion = 14.3;
					};
					5F9D1F3129FBFFF30038C5DE = {
						CreatedOnToolsVersion = 14.3;
						TestTargetID = 5F9D1F1B29FBFFF20038C5DE;
					};
					5F9D1F3B29FBFFF30038C5DE = {
						CreatedOnToolsVersion = 14.3;
						TestTargetID = 5F9D1F1B29FBFFF20038C5DE;
					};
				};
			};
			buildConfigurationList = 5F9D1F1729FBFFF20038C5DE /* Build configuration list for PBXProject "NotificationCenter_Uygulama" */;
			compatibilityVersion = "Xcode 14.0";
			developmentRegion = en;
			hasScannedForEncodings = 0;
			knownRegions = (
				en,
				Base,
			);
			mainGroup = 5F9D1F1329FBFFF20038C5DE;
			productRefGroup = 5F9D1F1D29FBFFF20038C5DE /* Products */;
			projectDirPath = "";
			projectRoot = "";
			targets = (
				5F9D1F1B29FBFFF20038C5DE /* NotificationCenter_Uygulama */,
				5F9D1F3129FBFFF30038C5DE /* NotificationCenter_UygulamaTests */,
				5F9D1F3B29FBFFF30038C5DE /* NotificationCenter_UygulamaUITests */,
			);
		};
/* End PBXProject section */

/* Begin PBXResourcesBuildPhase section */
		5F9D1F1A29FBFFF20038C5DE /* Resources */ = {
			isa = PBXResourcesBuildPhase;
			buildActionMask = 2147483647;
			files = (
				5F9D1F2C29FBFFF30038C5DE /* LaunchScreen.storyboard in Resources */,
				5F9D1F2929FBFFF30038C5DE /* Assets.xcassets in Resources */,
				5F9D1F2729FBFFF20038C5DE /* Main.storyboard in Resources */,
			);
			runOnlyForDeploymentPostprocessing = 0;
		};
		5F9D1F3029FBFFF30038C5DE /* Resources */ = {
			isa = PBXResourcesBuildPhase;
			buildActionMask = 2147483647;
			files = (
			);
			runOnlyForDeploymentPostprocessing = 0;
		};
		5F9D1F3A29FBFFF30038C5DE /* Resources */ = {
			isa = PBXResourcesBuildPhase;
			buildActionMask = 2147483647;
			files = (
			);
			runOnlyForDeploymentPostprocessing = 0;
		};
/* End PBXResourcesBuildPhase section */

/* Begin PBXSourcesBuildPhase section */
		5F9D1F1829FBFFF20038C5DE /* Sources */ = {
			isa = PBXSourcesBuildPhase;
			buildActionMask = 2147483647;
			files = (
				5F9D1F2429FBFFF20038C5DE /* ViewController.swift in Sources */,
				5F9D1F2029FBFFF20038C5DE /* AppDelegate.swift in Sources */,
				5F9D1F2229FBFFF20038C5DE /* SceneDelegate.swift in Sources */,
			);
			runOnlyForDeploymentPostprocessing = 0;
		};
		5F9D1F2E29FBFFF30038C5DE /* Sources */ = {
			isa = PBXSourcesBuildPhase;
			buildActionMask = 2147483647;
			files = (
				5F9D1F3729FBFFF30038C5DE /* NotificationCenter_UygulamaTests.swift in Sources */,
			);
			runOnlyForDeploymentPostprocessing = 0;
		};
		5F9D1F3829FBFFF30038C5DE /* Sources */ = {
			isa = PBXSourcesBuildPhase;
			buildActionMask = 2147483647;
			files = (
				5F9D1F4129FBFFF30038C5DE /* NotificationCenter_UygulamaUITests.swift in Sources */,
				5F9D1F4329FBFFF30038C5DE /* NotificationCenter_UygulamaUITestsLaunchTests.swift in Sources */,
			);
			runOnlyForDeploymentPostprocessing = 0;
		};
/* End PBXSourcesBuildPhase section */

/* Begin PBXTargetDependency section */
		5F9D1F3429FBFFF30038C5DE /* PBXTargetDependency */ = {
			isa = PBXTargetDependency;
			target = 5F9D1F1B29FBFFF20038C5DE /* NotificationCenter_Uygulama */;
			targetProxy = 5F9D1F3329FBFFF30038C5DE /* PBXContainerItemProxy */;
		};
		5F9D1F3E29FBFFF30038C5DE /* PBXTargetDependency */ = {
			isa = PBXTargetDependency;
			target = 5F9D1F1B29FBFFF20038C5DE /* NotificationCenter_Uygulama */;
			targetProxy = 5F9D1F3D29FBFFF30038C5DE /* PBXContainerItemProxy */;
		};
/* End PBXTargetDependency section */

/* Begin PBXVariantGroup section */
		5F9D1F2529FBFFF20038C5DE /* Main.storyboard */ = {
			isa = PBXVariantGroup;
			children = (
				5F9D1F2629FBFFF20038C5DE /* Base */,
			);
			name = Main.storyboard;
			sourceTree = "<group>";
		};
		5F9D1F2A29FBFFF30038C5DE /* LaunchScreen.storyboard */ = {
			isa = PBXVariantGroup;
			children = (
				5F9D1F2B29FBFFF30038C5DE /* Base */,
			);
			name = LaunchScreen.storyboard;
			sourceTree = "<group>";
		};
/* End PBXVariantGroup section */

/* Begin XCBuildConfiguration section */
		5F9D1F4429FBFFF30038C5DE /* Debug */ = {
			isa = XCBuildConfiguration;
			buildSettings = {
				ALWAYS_SEARCH_USER_PATHS = NO;
				CLANG_ANALYZER_NONNULL = YES;
				CLANG_ANALYZER_NUMBER_OBJECT_CONVERSION = YES_AGGRESSIVE;
				CLANG_CXX_LANGUAGE_STANDARD = "gnu++20";
				CLANG_ENABLE_MODULES = YES;
				CLANG_ENABLE_OBJC_ARC = YES;
				CLANG_ENABLE_OBJC_WEAK = YES;
				CLANG_WARN_BLOCK_CAPTURE_AUTORELEASING = YES;
				CLANG_WARN_BOOL_CONVERSION = YES;
				CLANG_WARN_COMMA = YES;
				CLANG_WARN_CONSTANT_CONVERSION = YES;
				CLANG_WARN_DEPRECATED_OBJC_IMPLEMENTATIONS = YES;
				CLANG_WARN_DIRECT_OBJC_ISA_USAGE = YES_ERROR;
				CLANG_WARN_DOCUMENTATION_COMMENTS = YES;
				CLANG_WARN_EMPTY_BODY = YES;
				CLANG_WARN_ENUM_CONVERSION = YES;
				CLANG_WARN_INFINITE_RECURSION = YES;
				CLANG_WARN_INT_CONVERSION = YES;
				CLANG_WARN_NON_LITERAL_NULL_CONVERSION = YES;
				CLANG_WARN_OBJC_IMPLICIT_RETAIN_SELF = YES;
				CLANG_WARN_OBJC_LITERAL_CONVERSION = YES;
				CLANG_WARN_OBJC_ROOT_CLASS = YES_ERROR;
				CLANG_WARN_QUOTED_INCLUDE_IN_FRAMEWORK_HEADER = YES;
				CLANG_WARN_RANGE_LOOP_ANALYSIS = YES;
				CLANG_WARN_STRICT_PROTOTYPES = YES;
				CLANG_WARN_SUSPICIOUS_MOVE = YES;
				CLANG_WARN_UNGUARDED_AVAILABILITY = YES_AGGRESSIVE;
				CLANG_WARN_UNREACHABLE_CODE = YES;
				CLANG_WARN__DUPLICATE_METHOD_MATCH = YES;
				COPY_PHASE_STRIP = NO;
				DEBUG_INFORMATION_FORMAT = dwarf;
				ENABLE_STRICT_OBJC_MSGSEND = YES;
				ENABLE_TESTABILITY = YES;
				GCC_C_LANGUAGE_STANDARD = gnu11;
				GCC_DYNAMIC_NO_PIC = NO;
				GCC_NO_COMMON_BLOCKS = YES;
				GCC_OPTIMIZATION_LEVEL = 0;
				GCC_PREPROCESSOR_DEFINITIONS = (
					"DEBUG=1",
					"$(inherited)",
				);
				GCC_WARN_64_TO_32_BIT_CONVERSION = YES;
				GCC_WARN_ABOUT_RETURN_TYPE = YES_ERROR;
				GCC_WARN_UNDECLARED_SELECTOR = YES;
				GCC_WARN_UNINITIALIZED_AUTOS = YES_AGGRESSIVE;
				GCC_WARN_UNUSED_FUNCTION = YES;
				GCC_WARN_UNUSED_VARIABLE = YES;
				IPHONEOS_DEPLOYMENT_TARGET = 16.4;
				MTL_ENABLE_DEBUG_INFO = INCLUDE_SOURCE;
				MTL_FAST_MATH = YES;
				ONLY_ACTIVE_ARCH = YES;
				SDKROOT = iphoneos;
				SWIFT_ACTIVE_COMPILATION_CONDITIONS = DEBUG;
				SWIFT_OPTIMIZATION_LEVEL = "-Onone";
			};
			name = Debug;
		};
		5F9D1F4529FBFFF30038C5DE /* Release */ = {
			isa = XCBuildConfiguration;
			buildSettings = {
				ALWAYS_SEARCH_USER_PATHS = NO;
				CLANG_ANALYZER_NONNULL = YES;
				CLANG_ANALYZER_NUMBER_OBJECT_CONVERSION = YES_AGGRESSIVE;
				CLANG_CXX_LANGUAGE_STANDARD = "gnu++20";
				CLANG_ENABLE_MODULES = YES;
				CLANG_ENABLE_OBJC_ARC = YES;
				CLANG_ENABLE_OBJC_WEAK = YES;
				CLANG_WARN_BLOCK_CAPTURE_AUTORELEASING = YES;
				CLANG_WARN_BOOL_CONVERSION = YES;
				CLANG_WARN_COMMA = YES;
				CLANG_WARN_CONSTANT_CONVERSION = YES;
				CLANG_WARN_DEPRECATED_OBJC_IMPLEMENTATIONS = YES;
				CLANG_WARN_DIRECT_OBJC_ISA_USAGE = YES_ERROR;
				CLANG_WARN_DOCUMENTATION_COMMENTS = YES;
				CLANG_WARN_EMPTY_BODY = YES;
				CLANG_WARN_ENUM_CONVERSION = YES;
				CLANG_WARN_INFINITE_RECURSION = YES;
				CLANG_WARN_INT_CONVERSION = YES;
				CLANG_WARN_NON_LITERAL_NULL_CONVERSION = YES;
				CLANG_WARN_OBJC_IMPLICIT_RETAIN_SELF = YES;
				CLANG_WARN_OBJC_LITERAL_CONVERSION = YES;
				CLANG_WARN_OBJC_ROOT_CLASS = YES_ERROR;
				CLANG_WARN_QUOTED_INCLUDE_IN_FRAMEWORK_HEADER = YES;
				CLANG_WARN_RANGE_LOOP_ANALYSIS = YES;
				CLANG_WARN_STRICT_PROTOTYPES = YES;
				CLANG_WARN_SUSPICIOUS_MOVE = YES;
				CLANG_WARN_UNGUARDED_AVAILABILITY = YES_AGGRESSIVE;
				CLANG_WARN_UNREACHABLE_CODE = YES;
				CLANG_WARN__DUPLICATE_METHOD_MATCH = YES;
				COPY_PHASE_STRIP = NO;
				DEBUG_INFORMATION_FORMAT = "dwarf-with-dsym";
				ENABLE_NS_ASSERTIONS = NO;
				ENABLE_STRICT_OBJC_MSGSEND = YES;
				GCC_C_LANGUAGE_STANDARD = gnu11;
				GCC_NO_COMMON_BLOCKS = YES;
				GCC_WARN_64_TO_32_BIT_CONVERSION = YES;
				GCC_WARN_ABOUT_RETURN_TYPE = YES_ERROR;
				GCC_WARN_UNDECLARED_SELECTOR = YES;
				GCC_WARN_UNINITIALIZED_AUTOS = YES_AGGRESSIVE;
				GCC_WARN_UNUSED_FUNCTION = YES;
				GCC_WARN_UNUSED_VARIABLE = YES;
				IPHONEOS_DEPLOYMENT_TARGET = 16.4;
				MTL_ENABLE_DEBUG_INFO = NO;
				MTL_FAST_MATH = YES;
				SDKROOT = iphoneos;
				SWIFT_COMPILATION_MODE = wholemodule;
				SWIFT_OPTIMIZATION_LEVEL = "-O";
				VALIDATE_PRODUCT = YES;
			};
			name = Release;
		};
		5F9D1F4729FBFFF30038C5DE /* Debug */ = {
			isa = XCBuildConfiguration;
			buildSettings = {
				ASSETCATALOG_COMPILER_APPICON_NAME = AppIcon;
				ASSETCATALOG_COMPILER_GLOBAL_ACCENT_COLOR_NAME = AccentColor;
				CODE_SIGN_STYLE = Automatic;
				CURRENT_PROJECT_VERSION = 1;
				DEVELOPMENT_TEAM = UKXQYP47Y9;
				GENERATE_INFOPLIST_FILE = YES;
				INFOPLIST_FILE = NotificationCenter_Uygulama/Info.plist;
				INFOPLIST_KEY_UIApplicationSupportsIndirectInputEvents = YES;
				INFOPLIST_KEY_UILaunchStoryboardName = LaunchScreen;
				INFOPLIST_KEY_UIMainStoryboardFile = Main;
				INFOPLIST_KEY_UISupportedInterfaceOrientations_iPad = "UIInterfaceOrientationPortrait UIInterfaceOrientationPortraitUpsideDown UIInterfaceOrientationLandscapeLeft UIInterfaceOrientationLandscapeRight";
				INFOPLIST_KEY_UISupportedInterfaceOrientations_iPhone = "UIInterfaceOrientationPortrait UIInterfaceOrientationLandscapeLeft UIInterfaceOrientationLandscapeRight";
				LD_RUNPATH_SEARCH_PATHS = (
					"$(inherited)",
					"@executable_path/Frameworks",
				);
				MARKETING_VERSION = 1.0;
				PRODUCT_BUNDLE_IDENTIFIER = "com.tahaturan.testone.NotificationCenter-Uygulama";
				PRODUCT_NAME = "$(TARGET_NAME)";
				SWIFT_EMIT_LOC_STRINGS = YES;
				SWIFT_VERSION = 5.0;
				TARGETED_DEVICE_FAMILY = "1,2";
			};
			name = Debug;
		};
		5F9D1F4829FBFFF30038C5DE /* Release */ = {
			isa = XCBuildConfiguration;
			buildSettings = {
				ASSETCATALOG_COMPILER_APPICON_NAME = AppIcon;
				ASSETCATALOG_COMPILER_GLOBAL_ACCENT_COLOR_NAME = AccentColor;
				CODE_SIGN_STYLE = Automatic;
				CURRENT_PROJECT_VERSION = 1;
				DEVELOPMENT_TEAM = UKXQYP47Y9;
				GENERATE_INFOPLIST_FILE = YES;
				INFOPLIST_FILE = NotificationCenter_Uygulama/Info.plist;
				INFOPLIST_KEY_UIApplicationSupportsIndirectInputEvents = YES;
				INFOPLIST_KEY_UILaunchStoryboardName = LaunchScreen;
				INFOPLIST_KEY_UIMainStoryboardFile = Main;
				INFOPLIST_KEY_UISupportedInterfaceOrientations_iPad = "UIInterfaceOrientationPortrait UIInterfaceOrientationPortraitUpsideDown UIInterfaceOrientationLandscapeLeft UIInterfaceOrientationLandscapeRight";
				INFOPLIST_KEY_UISupportedInterfaceOrientations_iPhone = "UIInterfaceOrientationPortrait UIInterfaceOrientationLandscapeLeft UIInterfaceOrientationLandscapeRight";
				LD_RUNPATH_SEARCH_PATHS = (
					"$(inherited)",
					"@executable_path/Frameworks",
				);
				MARKETING_VERSION = 1.0;
				PRODUCT_BUNDLE_IDENTIFIER = "com.tahaturan.testone.NotificationCenter-Uygulama";
				PRODUCT_NAME = "$(TARGET_NAME)";
				SWIFT_EMIT_LOC_STRINGS = YES;
				SWIFT_VERSION = 5.0;
				TARGETED_DEVICE_FAMILY = "1,2";
			};
			name = Release;
		};
		5F9D1F4A29FBFFF30038C5DE /* Debug */ = {
			isa = XCBuildConfiguration;
			buildSettings = {
				ALWAYS_EMBED_SWIFT_STANDARD_LIBRARIES = YES;
				BUNDLE_LOADER = "$(TEST_HOST)";
				CODE_SIGN_STYLE = Automatic;
				CURRENT_PROJECT_VERSION = 1;
				DEVELOPMENT_TEAM = UKXQYP47Y9;
				GENERATE_INFOPLIST_FILE = YES;
				IPHONEOS_DEPLOYMENT_TARGET = 16.4;
				MARKETING_VERSION = 1.0;
				PRODUCT_BUNDLE_IDENTIFIER = "com.tahaturan.testone.NotificationCenter-UygulamaTests";
				PRODUCT_NAME = "$(TARGET_NAME)";
				SWIFT_EMIT_LOC_STRINGS = NO;
				SWIFT_VERSION = 5.0;
				TARGETED_DEVICE_FAMILY = "1,2";
				TEST_HOST = "$(BUILT_PRODUCTS_DIR)/NotificationCenter_Uygulama.app/$(BUNDLE_EXECUTABLE_FOLDER_PATH)/NotificationCenter_Uygulama";
			};
			name = Debug;
		};
		5F9D1F4B29FBFFF30038C5DE /* Release */ = {
			isa = XCBuildConfiguration;
			buildSettings = {
				ALWAYS_EMBED_SWIFT_STANDARD_LIBRARIES = YES;
				BUNDLE_LOADER = "$(TEST_HOST)";
				CODE_SIGN_STYLE = Automatic;
				CURRENT_PROJECT_VERSION = 1;
				DEVELOPMENT_TEAM = UKXQYP47Y9;
				GENERATE_INFOPLIST_FILE = YES;
				IPHONEOS_DEPLOYMENT_TARGET = 16.4;
				MARKETING_VERSION = 1.0;
				PRODUCT_BUNDLE_IDENTIFIER = "com.tahaturan.testone.NotificationCenter-UygulamaTests";
				PRODUCT_NAME = "$(TARGET_NAME)";
				SWIFT_EMIT_LOC_STRINGS = NO;
				SWIFT_VERSION = 5.0;
				TARGETED_DEVICE_FAMILY = "1,2";
				TEST_HOST = "$(BUILT_PRODUCTS_DIR)/NotificationCenter_Uygulama.app/$(BUNDLE_EXECUTABLE_FOLDER_PATH)/NotificationCenter_Uygulama";
			};
			name = Release;
		};
		5F9D1F4D29FBFFF30038C5DE /* Debug */ = {
			isa = XCBuildConfiguration;
			buildSettings = {
				ALWAYS_EMBED_SWIFT_STANDARD_LIBRARIES = YES;
				CODE_SIGN_STYLE = Automatic;
				CURRENT_PROJECT_VERSION = 1;
				DEVELOPMENT_TEAM = UKXQYP47Y9;
				GENERATE_INFOPLIST_FILE = YES;
				MARKETING_VERSION = 1.0;
				PRODUCT_BUNDLE_IDENTIFIER = "com.tahaturan.testone.NotificationCenter-UygulamaUITests";
				PRODUCT_NAME = "$(TARGET_NAME)";
				SWIFT_EMIT_LOC_STRINGS = NO;
				SWIFT_VERSION = 5.0;
				TARGETED_DEVICE_FAMILY = "1,2";
				TEST_TARGET_NAME = NotificationCenter_Uygulama;
			};
			name = Debug;
		};
		5F9D1F4E29FBFFF30038C5DE /* Release */ = {
			isa = XCBuildConfiguration;
			buildSettings = {
				ALWAYS_EMBED_SWIFT_STANDARD_LIBRARIES = YES;
				CODE_SIGN_STYLE = Automatic;
				CURRENT_PROJECT_VERSION = 1;
				DEVELOPMENT_TEAM = UKXQYP47Y9;
				GENERATE_INFOPLIST_FILE = YES;
				MARKETING_VERSION = 1.0;
				PRODUCT_BUNDLE_IDENTIFIER = "com.tahaturan.testone.NotificationCenter-UygulamaUITests";
				PRODUCT_NAME = "$(TARGET_NAME)";
				SWIFT_EMIT_LOC_STRINGS = NO;
				SWIFT_VERSION = 5.0;
				TARGETED_DEVICE_FAMILY = "1,2";
				TEST_TARGET_NAME = NotificationCenter_Uygulama;
			};
			name = Release;
		};
/* End XCBuildConfiguration section */

/* Begin XCConfigurationList section */
		5F9D1F1729FBFFF20038C5DE /* Build configuration list for PBXProject "NotificationCenter_Uygulama" */ = {
			isa = XCConfigurationList;
			buildConfigurations = (
				5F9D1F4429FBFFF30038C5DE /* Debug */,
				5F9D1F4529FBFFF30038C5DE /* Release */,
			);
			defaultConfigurationIsVisible = 0;
			defaultConfigurationName = Release;
		};
		5F9D1F4629FBFFF30038C5DE /* Build configuration list for PBXNativeTarget "NotificationCenter_Uygulama" */ = {
			isa = XCConfigurationList;
			buildConfigurations = (
				5F9D1F4729FBFFF30038C5DE /* Debug */,
				5F9D1F4829FBFFF30038C5DE /* Release */,
			);
			defaultConfigurationIsVisible = 0;
			defaultConfigurationName = Release;
		};
		5F9D1F4929FBFFF30038C5DE /* Build configuration list for PBXNativeTarget "NotificationCenter_UygulamaTests" */ = {
			isa = XCConfigurationList;
			buildConfigurations = (
				5F9D1F4A29FBFFF30038C5DE /* Debug */,
				5F9D1F4B29FBFFF30038C5DE /* Release */,
			);
			defaultConfigurationIsVisible = 0;
			defaultConfigurationName = Release;
		};
		5F9D1F4C29FBFFF30038C5DE /* Build configuration list for PBXNativeTarget "NotificationCenter_UygulamaUITests" */ = {
			isa = XCConfigurationList;
			buildConfigurations = (
				5F9D1F4D29FBFFF30038C5DE /* Debug */,
				5F9D1F4E29FBFFF30038C5DE /* Release */,
			);
			defaultConfigurationIsVisible = 0;
			defaultConfigurationName = Release;
		};
/* End XCConfigurationList section */
	};
	rootObject = 5F9D1F1429FBFFF20038C5DE /* Project object */;
}
