// !$*UTF8*$!
{
	archiveVersion = 1;
	classes = {
	};
	objectVersion = 56;
	objects = {

/* Begin PBXBuildFile section */
		5F9D1E9F29FBB58E0038C5DE /* AppDelegate.swift in Sources */ = {isa = PBXBuildFile; fileRef = 5F9D1E9E29FBB58E0038C5DE /* AppDelegate.swift */; };
		5F9D1EA129FBB58E0038C5DE /* SceneDelegate.swift in Sources */ = {isa = PBXBuildFile; fileRef = 5F9D1EA029FBB58E0038C5DE /* SceneDelegate.swift */; };
		5F9D1EA329FBB58E0038C5DE /* ViewController.swift in Sources */ = {isa = PBXBuildFile; fileRef = 5F9D1EA229FBB58E0038C5DE /* ViewController.swift */; };
		5F9D1EA629FBB58E0038C5DE /* Main.storyboard in Resources */ = {isa = PBXBuildFile; fileRef = 5F9D1EA429FBB58E0038C5DE /* Main.storyboard */; };
		5F9D1EA929FBB58E0038C5DE /* ArtBookProject.xcdatamodeld in Sources */ = {isa = PBXBuildFile; fileRef = 5F9D1EA729FBB58E0038C5DE /* ArtBookProject.xcdatamodeld */; };
		5F9D1EAB29FBB58F0038C5DE /* Assets.xcassets in Resources */ = {isa = PBXBuildFile; fileRef = 5F9D1EAA29FBB58F0038C5DE /* Assets.xcassets */; };
		5F9D1EAE29FBB58F0038C5DE /* LaunchScreen.storyboard in Resources */ = {isa = PBXBuildFile; fileRef = 5F9D1EAC29FBB58F0038C5DE /* LaunchScreen.storyboard */; };
		5F9D1EB929FBB58F0038C5DE /* ArtBookProjectTests.swift in Sources */ = {isa = PBXBuildFile; fileRef = 5F9D1EB829FBB58F0038C5DE /* ArtBookProjectTests.swift */; };
		5F9D1EC329FBB58F0038C5DE /* ArtBookProjectUITests.swift in Sources */ = {isa = PBXBuildFile; fileRef = 5F9D1EC229FBB58F0038C5DE /* ArtBookProjectUITests.swift */; };
		5F9D1EC529FBB58F0038C5DE /* ArtBookProjectUITestsLaunchTests.swift in Sources */ = {isa = PBXBuildFile; fileRef = 5F9D1EC429FBB58F0038C5DE /* ArtBookProjectUITestsLaunchTests.swift */; };
		5F9D1ED229FBB9530038C5DE /* DetailsVC.swift in Sources */ = {isa = PBXBuildFile; fileRef = 5F9D1ED129FBB9530038C5DE /* DetailsVC.swift */; };
/* End PBXBuildFile section */

/* Begin PBXContainerItemProxy section */
		5F9D1EB529FBB58F0038C5DE /* PBXContainerItemProxy */ = {
			isa = PBXContainerItemProxy;
			containerPortal = 5F9D1E9329FBB58E0038C5DE /* Project object */;
			proxyType = 1;
			remoteGlobalIDString = 5F9D1E9A29FBB58E0038C5DE;
			remoteInfo = ArtBookProject;
		};
		5F9D1EBF29FBB58F0038C5DE /* PBXContainerItemProxy */ = {
			isa = PBXContainerItemProxy;
			containerPortal = 5F9D1E9329FBB58E0038C5DE /* Project object */;
			proxyType = 1;
			remoteGlobalIDString = 5F9D1E9A29FBB58E0038C5DE;
			remoteInfo = ArtBookProject;
		};
/* End PBXContainerItemProxy section */

/* Begin PBXFileReference section */
		5F9D1E9B29FBB58E0038C5DE /* ArtBookProject.app */ = {isa = PBXFileReference; explicitFileType = wrapper.application; includeInIndex = 0; path = ArtBookProject.app; sourceTree = BUILT_PRODUCTS_DIR; };
		5F9D1E9E29FBB58E0038C5DE /* AppDelegate.swift */ = {isa = PBXFileReference; lastKnownFileType = sourcecode.swift; path = AppDelegate.swift; sourceTree = "<group>"; };
		5F9D1EA029FBB58E0038C5DE /* SceneDelegate.swift */ = {isa = PBXFileReference; lastKnownFileType = sourcecode.swift; path = SceneDelegate.swift; sourceTree = "<group>"; };
		5F9D1EA229FBB58E0038C5DE /* ViewController.swift */ = {isa = PBXFileReference; lastKnownFileType = sourcecode.swift; path = ViewController.swift; sourceTree = "<group>"; };
		5F9D1EA529FBB58E0038C5DE /* Base */ = {isa = PBXFileReference; lastKnownFileType = file.storyboard; name = Base; path = Base.lproj/Main.storyboard; sourceTree = "<group>"; };
		5F9D1EA829FBB58E0038C5DE /* ArtBookProject.xcdatamodel */ = {isa = PBXFileReference; lastKnownFileType = wrapper.xcdatamodel; path = ArtBookProject.xcdatamodel; sourceTree = "<group>"; };
		5F9D1EAA29FBB58F0038C5DE /* Assets.xcassets */ = {isa = PBXFileReference; lastKnownFileType = folder.assetcatalog; path = Assets.xcassets; sourceTree = "<group>"; };
		5F9D1EAD29FBB58F0038C5DE /* Base */ = {isa = PBXFileReference; lastKnownFileType = file.storyboard; name = Base; path = Base.lproj/LaunchScreen.storyboard; sourceTree = "<group>"; };
		5F9D1EAF29FBB58F0038C5DE /* Info.plist */ = {isa = PBXFileReference; lastKnownFileType = text.plist.xml; path = Info.plist; sourceTree = "<group>"; };
		5F9D1EB429FBB58F0038C5DE /* ArtBookProjectTests.xctest */ = {isa = PBXFileReference; explicitFileType = wrapper.cfbundle; includeInIndex = 0; path = ArtBookProjectTests.xctest; sourceTree = BUILT_PRODUCTS_DIR; };
		5F9D1EB829FBB58F0038C5DE /* ArtBookProjectTests.swift */ = {isa = PBXFileReference; lastKnownFileType = sourcecode.swift; path = ArtBookProjectTests.swift; sourceTree = "<group>"; };
		5F9D1EBE29FBB58F0038C5DE /* ArtBookProjectUITests.xctest */ = {isa = PBXFileReference; explicitFileType = wrapper.cfbundle; includeInIndex = 0; path = ArtBookProjectUITests.xctest; sourceTree = BUILT_PRODUCTS_DIR; };
		5F9D1EC229FBB58F0038C5DE /* ArtBookProjectUITests.swift */ = {isa = PBXFileReference; lastKnownFileType = sourcecode.swift; path = ArtBookProjectUITests.swift; sourceTree = "<group>"; };
		5F9D1EC429FBB58F0038C5DE /* ArtBookProjectUITestsLaunchTests.swift */ = {isa = PBXFileReference; lastKnownFileType = sourcecode.swift; path = ArtBookProjectUITestsLaunchTests.swift; sourceTree = "<group>"; };
		5F9D1ED129FBB9530038C5DE /* DetailsVC.swift */ = {isa = PBXFileReference; lastKnownFileType = sourcecode.swift; path = DetailsVC.swift; sourceTree = "<group>"; };
/* End PBXFileReference section */

/* Begin PBXFrameworksBuildPhase section */
		5F9D1E9829FBB58E0038C5DE /* Frameworks */ = {
			isa = PBXFrameworksBuildPhase;
			buildActionMask = 2147483647;
			files = (
			);
			runOnlyForDeploymentPostprocessing = 0;
		};
		5F9D1EB129FBB58F0038C5DE /* Frameworks */ = {
			isa = PBXFrameworksBuildPhase;
			buildActionMask = 2147483647;
			files = (
			);
			runOnlyForDeploymentPostprocessing = 0;
		};
		5F9D1EBB29FBB58F0038C5DE /* Frameworks */ = {
			isa = PBXFrameworksBuildPhase;
			buildActionMask = 2147483647;
			files = (
			);
			runOnlyForDeploymentPostprocessing = 0;
		};
/* End PBXFrameworksBuildPhase section */

/* Begin PBXGroup section */
		5F9D1E9229FBB58E0038C5DE = {
			isa = PBXGroup;
			children = (
				5F9D1E9D29FBB58E0038C5DE /* ArtBookProject */,
				5F9D1EB729FBB58F0038C5DE /* ArtBookProjectTests */,
				5F9D1EC129FBB58F0038C5DE /* ArtBookProjectUITests */,
				5F9D1E9C29FBB58E0038C5DE /* Products */,
			);
			sourceTree = "<group>";
		};
		5F9D1E9C29FBB58E0038C5DE /* Products */ = {
			isa = PBXGroup;
			children = (
				5F9D1E9B29FBB58E0038C5DE /* ArtBookProject.app */,
				5F9D1EB429FBB58F0038C5DE /* ArtBookProjectTests.xctest */,
				5F9D1EBE29FBB58F0038C5DE /* ArtBookProjectUITests.xctest */,
			);
			name = Products;
			sourceTree = "<group>";
		};
		5F9D1E9D29FBB58E0038C5DE /* ArtBookProject */ = {
			isa = PBXGroup;
			children = (
				5F9D1E9E29FBB58E0038C5DE /* AppDelegate.swift */,
				5F9D1EA029FBB58E0038C5DE /* SceneDelegate.swift */,
				5F9D1EA229FBB58E0038C5DE /* ViewController.swift */,
				5F9D1EA429FBB58E0038C5DE /* Main.storyboard */,
				5F9D1EAA29FBB58F0038C5DE /* Assets.xcassets */,
				5F9D1EAC29FBB58F0038C5DE /* LaunchScreen.storyboard */,
				5F9D1EAF29FBB58F0038C5DE /* Info.plist */,
				5F9D1EA729FBB58E0038C5DE /* ArtBookProject.xcdatamodeld */,
				5F9D1ED129FBB9530038C5DE /* DetailsVC.swift */,
			);
			path = ArtBookProject;
			sourceTree = "<group>";
		};
		5F9D1EB729FBB58F0038C5DE /* ArtBookProjectTests */ = {
			isa = PBXGroup;
			children = (
				5F9D1EB829FBB58F0038C5DE /* ArtBookProjectTests.swift */,
			);
			path = ArtBookProjectTests;
			sourceTree = "<group>";
		};
		5F9D1EC129FBB58F0038C5DE /* ArtBookProjectUITests */ = {
			isa = PBXGroup;
			children = (
				5F9D1EC229FBB58F0038C5DE /* ArtBookProjectUITests.swift */,
				5F9D1EC429FBB58F0038C5DE /* ArtBookProjectUITestsLaunchTests.swift */,
			);
			path = ArtBookProjectUITests;
			sourceTree = "<group>";
		};
/* End PBXGroup section */

/* Begin PBXNativeTarget section */
		5F9D1E9A29FBB58E0038C5DE /* ArtBookProject */ = {
			isa = PBXNativeTarget;
			buildConfigurationList = 5F9D1EC829FBB58F0038C5DE /* Build configuration list for PBXNativeTarget "ArtBookProject" */;
			buildPhases = (
				5F9D1E9729FBB58E0038C5DE /* Sources */,
				5F9D1E9829FBB58E0038C5DE /* Frameworks */,
				5F9D1E9929FBB58E0038C5DE /* Resources */,
			);
			buildRules = (
			);
			dependencies = (
			);
			name = ArtBookProject;
			productName = ArtBookProject;
			productReference = 5F9D1E9B29FBB58E0038C5DE /* ArtBookProject.app */;
			productType = "com.apple.product-type.application";
		};
		5F9D1EB329FBB58F0038C5DE /* ArtBookProjectTests */ = {
			isa = PBXNativeTarget;
			buildConfigurationList = 5F9D1ECB29FBB58F0038C5DE /* Build configuration list for PBXNativeTarget "ArtBookProjectTests" */;
			buildPhases = (
				5F9D1EB029FBB58F0038C5DE /* Sources */,
				5F9D1EB129FBB58F0038C5DE /* Frameworks */,
				5F9D1EB229FBB58F0038C5DE /* Resources */,
			);
			buildRules = (
			);
			dependencies = (
				5F9D1EB629FBB58F0038C5DE /* PBXTargetDependency */,
			);
			name = ArtBookProjectTests;
			productName = ArtBookProjectTests;
			productReference = 5F9D1EB429FBB58F0038C5DE /* ArtBookProjectTests.xctest */;
			productType = "com.apple.product-type.bundle.unit-test";
		};
		5F9D1EBD29FBB58F0038C5DE /* ArtBookProjectUITests */ = {
			isa = PBXNativeTarget;
			buildConfigurationList = 5F9D1ECE29FBB58F0038C5DE /* Build configuration list for PBXNativeTarget "ArtBookProjectUITests" */;
			buildPhases = (
				5F9D1EBA29FBB58F0038C5DE /* Sources */,
				5F9D1EBB29FBB58F0038C5DE /* Frameworks */,
				5F9D1EBC29FBB58F0038C5DE /* Resources */,
			);
			buildRules = (
			);
			dependencies = (
				5F9D1EC029FBB58F0038C5DE /* PBXTargetDependency */,
			);
			name = ArtBookProjectUITests;
			productName = ArtBookProjectUITests;
			productReference = 5F9D1EBE29FBB58F0038C5DE /* ArtBookProjectUITests.xctest */;
			productType = "com.apple.product-type.bundle.ui-testing";
		};
/* End PBXNativeTarget section */

/* Begin PBXProject section */
		5F9D1E9329FBB58E0038C5DE /* Project object */ = {
			isa = PBXProject;
			attributes = {
				BuildIndependentTargetsInParallel = 1;
				LastSwiftUpdateCheck = 1430;
				LastUpgradeCheck = 1430;
				TargetAttributes = {
					5F9D1E9A29FBB58E0038C5DE = {
						CreatedOnToolsVersion = 14.3;
					};
					5F9D1EB329FBB58F0038C5DE = {
						CreatedOnToolsVersion = 14.3;
						TestTargetID = 5F9D1E9A29FBB58E0038C5DE;
					};
					5F9D1EBD29FBB58F0038C5DE = {
						CreatedOnToolsVersion = 14.3;
						TestTargetID = 5F9D1E9A29FBB58E0038C5DE;
					};
				};
			};
			buildConfigurationList = 5F9D1E9629FBB58E0038C5DE /* Build configuration list for PBXProject "ArtBookProject" */;
			compatibilityVersion = "Xcode 14.0";
			developmentRegion = en;
			hasScannedForEncodings = 0;
			knownRegions = (
				en,
				Base,
			);
			mainGroup = 5F9D1E9229FBB58E0038C5DE;
			productRefGroup = 5F9D1E9C29FBB58E0038C5DE /* Products */;
			projectDirPath = "";
			projectRoot = "";
			targets = (
				5F9D1E9A29FBB58E0038C5DE /* ArtBookProject */,
				5F9D1EB329FBB58F0038C5DE /* ArtBookProjectTests */,
				5F9D1EBD29FBB58F0038C5DE /* ArtBookProjectUITests */,
			);
		};
/* End PBXProject section */

/* Begin PBXResourcesBuildPhase section */
		5F9D1E9929FBB58E0038C5DE /* Resources */ = {
			isa = PBXResourcesBuildPhase;
			buildActionMask = 2147483647;
			files = (
				5F9D1EAE29FBB58F0038C5DE /* LaunchScreen.storyboard in Resources */,
				5F9D1EAB29FBB58F0038C5DE /* Assets.xcassets in Resources */,
				5F9D1EA629FBB58E0038C5DE /* Main.storyboard in Resources */,
			);
			runOnlyForDeploymentPostprocessing = 0;
		};
		5F9D1EB229FBB58F0038C5DE /* Resources */ = {
			isa = PBXResourcesBuildPhase;
			buildActionMask = 2147483647;
			files = (
			);
			runOnlyForDeploymentPostprocessing = 0;
		};
		5F9D1EBC29FBB58F0038C5DE /* Resources */ = {
			isa = PBXResourcesBuildPhase;
			buildActionMask = 2147483647;
			files = (
			);
			runOnlyForDeploymentPostprocessing = 0;
		};
/* End PBXResourcesBuildPhase section */

/* Begin PBXSourcesBuildPhase section */
		5F9D1E9729FBB58E0038C5DE /* Sources */ = {
			isa = PBXSourcesBuildPhase;
			buildActionMask = 2147483647;
			files = (
				5F9D1EA929FBB58E0038C5DE /* ArtBookProject.xcdatamodeld in Sources */,
				5F9D1EA329FBB58E0038C5DE /* ViewController.swift in Sources */,
				5F9D1E9F29FBB58E0038C5DE /* AppDelegate.swift in Sources */,
				5F9D1EA129FBB58E0038C5DE /* SceneDelegate.swift in Sources */,
				5F9D1ED229FBB9530038C5DE /* DetailsVC.swift in Sources */,
			);
			runOnlyForDeploymentPostprocessing = 0;
		};
		5F9D1EB029FBB58F0038C5DE /* Sources */ = {
			isa = PBXSourcesBuildPhase;
			buildActionMask = 2147483647;
			files = (
				5F9D1EB929FBB58F0038C5DE /* ArtBookProjectTests.swift in Sources */,
			);
			runOnlyForDeploymentPostprocessing = 0;
		};
		5F9D1EBA29FBB58F0038C5DE /* Sources */ = {
			isa = PBXSourcesBuildPhase;
			buildActionMask = 2147483647;
			files = (
				5F9D1EC329FBB58F0038C5DE /* ArtBookProjectUITests.swift in Sources */,
				5F9D1EC529FBB58F0038C5DE /* ArtBookProjectUITestsLaunchTests.swift in Sources */,
			);
			runOnlyForDeploymentPostprocessing = 0;
		};
/* End PBXSourcesBuildPhase section */

/* Begin PBXTargetDependency section */
		5F9D1EB629FBB58F0038C5DE /* PBXTargetDependency */ = {
			isa = PBXTargetDependency;
			target = 5F9D1E9A29FBB58E0038C5DE /* ArtBookProject */;
			targetProxy = 5F9D1EB529FBB58F0038C5DE /* PBXContainerItemProxy */;
		};
		5F9D1EC029FBB58F0038C5DE /* PBXTargetDependency */ = {
			isa = PBXTargetDependency;
			target = 5F9D1E9A29FBB58E0038C5DE /* ArtBookProject */;
			targetProxy = 5F9D1EBF29FBB58F0038C5DE /* PBXContainerItemProxy */;
		};
/* End PBXTargetDependency section */

/* Begin PBXVariantGroup section */
		5F9D1EA429FBB58E0038C5DE /* Main.storyboard */ = {
			isa = PBXVariantGroup;
			children = (
				5F9D1EA529FBB58E0038C5DE /* Base */,
			);
			name = Main.storyboard;
			sourceTree = "<group>";
		};
		5F9D1EAC29FBB58F0038C5DE /* LaunchScreen.storyboard */ = {
			isa = PBXVariantGroup;
			children = (
				5F9D1EAD29FBB58F0038C5DE /* Base */,
			);
			name = LaunchScreen.storyboard;
			sourceTree = "<group>";
		};
/* End PBXVariantGroup section */

/* Begin XCBuildConfiguration section */
		5F9D1EC629FBB58F0038C5DE /* Debug */ = {
			isa = XCBuildConfiguration;
			buildSettings = {
				ALWAYS_SEARCH_USER_PATHS = NO;
				CLANG_ANALYZER_NONNULL = YES;
				CLANG_ANALYZER_NUMBER_OBJECT_CONVERSION = YES_AGGRESSIVE;
				CLANG_CXX_LANGUAGE_STANDARD = "gnu++20";
				CLANG_ENABLE_MODULES = YES;
				CLANG_ENABLE_OBJC_ARC = YES;
				CLANG_ENABLE_OBJC_WEAK = YES;
				CLANG_WARN_BLOCK_CAPTURE_AUTORELEASING = YES;
				CLANG_WARN_BOOL_CONVERSION = YES;
				CLANG_WARN_COMMA = YES;
				CLANG_WARN_CONSTANT_CONVERSION = YES;
				CLANG_WARN_DEPRECATED_OBJC_IMPLEMENTATIONS = YES;
				CLANG_WARN_DIRECT_OBJC_ISA_USAGE = YES_ERROR;
				CLANG_WARN_DOCUMENTATION_COMMENTS = YES;
				CLANG_WARN_EMPTY_BODY = YES;
				CLANG_WARN_ENUM_CONVERSION = YES;
				CLANG_WARN_INFINITE_RECURSION = YES;
				CLANG_WARN_INT_CONVERSION = YES;
				CLANG_WARN_NON_LITERAL_NULL_CONVERSION = YES;
				CLANG_WARN_OBJC_IMPLICIT_RETAIN_SELF = YES;
				CLANG_WARN_OBJC_LITERAL_CONVERSION = YES;
				CLANG_WARN_OBJC_ROOT_CLASS = YES_ERROR;
				CLANG_WARN_QUOTED_INCLUDE_IN_FRAMEWORK_HEADER = YES;
				CLANG_WARN_RANGE_LOOP_ANALYSIS = YES;
				CLANG_WARN_STRICT_PROTOTYPES = YES;
				CLANG_WARN_SUSPICIOUS_MOVE = YES;
				CLANG_WARN_UNGUARDED_AVAILABILITY = YES_AGGRESSIVE;
				CLANG_WARN_UNREACHABLE_CODE = YES;
				CLANG_WARN__DUPLICATE_METHOD_MATCH = YES;
				COPY_PHASE_STRIP = NO;
				DEBUG_INFORMATION_FORMAT = dwarf;
				ENABLE_STRICT_OBJC_MSGSEND = YES;
				ENABLE_TESTABILITY = YES;
				GCC_C_LANGUAGE_STANDARD = gnu11;
				GCC_DYNAMIC_NO_PIC = NO;
				GCC_NO_COMMON_BLOCKS = YES;
				GCC_OPTIMIZATION_LEVEL = 0;
				GCC_PREPROCESSOR_DEFINITIONS = (
					"DEBUG=1",
					"$(inherited)",
				);
				GCC_WARN_64_TO_32_BIT_CONVERSION = YES;
				GCC_WARN_ABOUT_RETURN_TYPE = YES_ERROR;
				GCC_WARN_UNDECLARED_SELECTOR = YES;
				GCC_WARN_UNINITIALIZED_AUTOS = YES_AGGRESSIVE;
				GCC_WARN_UNUSED_FUNCTION = YES;
				GCC_WARN_UNUSED_VARIABLE = YES;
				IPHONEOS_DEPLOYMENT_TARGET = 16.4;
				MTL_ENABLE_DEBUG_INFO = INCLUDE_SOURCE;
				MTL_FAST_MATH = YES;
				ONLY_ACTIVE_ARCH = YES;
				SDKROOT = iphoneos;
				SWIFT_ACTIVE_COMPILATION_CONDITIONS = DEBUG;
				SWIFT_OPTIMIZATION_LEVEL = "-Onone";
			};
			name = Debug;
		};
		5F9D1EC729FBB58F0038C5DE /* Release */ = {
			isa = XCBuildConfiguration;
			buildSettings = {
				ALWAYS_SEARCH_USER_PATHS = NO;
				CLANG_ANALYZER_NONNULL = YES;
				CLANG_ANALYZER_NUMBER_OBJECT_CONVERSION = YES_AGGRESSIVE;
				CLANG_CXX_LANGUAGE_STANDARD = "gnu++20";
				CLANG_ENABLE_MODULES = YES;
				CLANG_ENABLE_OBJC_ARC = YES;
				CLANG_ENABLE_OBJC_WEAK = YES;
				CLANG_WARN_BLOCK_CAPTURE_AUTORELEASING = YES;
				CLANG_WARN_BOOL_CONVERSION = YES;
				CLANG_WARN_COMMA = YES;
				CLANG_WARN_CONSTANT_CONVERSION = YES;
				CLANG_WARN_DEPRECATED_OBJC_IMPLEMENTATIONS = YES;
				CLANG_WARN_DIRECT_OBJC_ISA_USAGE = YES_ERROR;
				CLANG_WARN_DOCUMENTATION_COMMENTS = YES;
				CLANG_WARN_EMPTY_BODY = YES;
				CLANG_WARN_ENUM_CONVERSION = YES;
				CLANG_WARN_INFINITE_RECURSION = YES;
				CLANG_WARN_INT_CONVERSION = YES;
				CLANG_WARN_NON_LITERAL_NULL_CONVERSION = YES;
				CLANG_WARN_OBJC_IMPLICIT_RETAIN_SELF = YES;
				CLANG_WARN_OBJC_LITERAL_CONVERSION = YES;
				CLANG_WARN_OBJC_ROOT_CLASS = YES_ERROR;
				CLANG_WARN_QUOTED_INCLUDE_IN_FRAMEWORK_HEADER = YES;
				CLANG_WARN_RANGE_LOOP_ANALYSIS = YES;
				CLANG_WARN_STRICT_PROTOTYPES = YES;
				CLANG_WARN_SUSPICIOUS_MOVE = YES;
				CLANG_WARN_UNGUARDED_AVAILABILITY = YES_AGGRESSIVE;
				CLANG_WARN_UNREACHABLE_CODE = YES;
				CLANG_WARN__DUPLICATE_METHOD_MATCH = YES;
				COPY_PHASE_STRIP = NO;
				DEBUG_INFORMATION_FORMAT = "dwarf-with-dsym";
				ENABLE_NS_ASSERTIONS = NO;
				ENABLE_STRICT_OBJC_MSGSEND = YES;
				GCC_C_LANGUAGE_STANDARD = gnu11;
				GCC_NO_COMMON_BLOCKS = YES;
				GCC_WARN_64_TO_32_BIT_CONVERSION = YES;
				GCC_WARN_ABOUT_RETURN_TYPE = YES_ERROR;
				GCC_WARN_UNDECLARED_SELECTOR = YES;
				GCC_WARN_UNINITIALIZED_AUTOS = YES_AGGRESSIVE;
				GCC_WARN_UNUSED_FUNCTION = YES;
				GCC_WARN_UNUSED_VARIABLE = YES;
				IPHONEOS_DEPLOYMENT_TARGET = 16.4;
				MTL_ENABLE_DEBUG_INFO = NO;
				MTL_FAST_MATH = YES;
				SDKROOT = iphoneos;
				SWIFT_COMPILATION_MODE = wholemodule;
				SWIFT_OPTIMIZATION_LEVEL = "-O";
				VALIDATE_PRODUCT = YES;
			};
			name = Release;
		};
		5F9D1EC929FBB58F0038C5DE /* Debug */ = {
			isa = XCBuildConfiguration;
			buildSettings = {
				ASSETCATALOG_COMPILER_APPICON_NAME = AppIcon;
				ASSETCATALOG_COMPILER_GLOBAL_ACCENT_COLOR_NAME = AccentColor;
				CODE_SIGN_STYLE = Automatic;
				CURRENT_PROJECT_VERSION = 1;
				DEVELOPMENT_TEAM = UKXQYP47Y9;
				GENERATE_INFOPLIST_FILE = YES;
				INFOPLIST_FILE = ArtBookProject/Info.plist;
				INFOPLIST_KEY_UIApplicationSupportsIndirectInputEvents = YES;
				INFOPLIST_KEY_UILaunchStoryboardName = LaunchScreen;
				INFOPLIST_KEY_UIMainStoryboardFile = Main;
				INFOPLIST_KEY_UISupportedInterfaceOrientations_iPad = "UIInterfaceOrientationPortrait UIInterfaceOrientationPortraitUpsideDown UIInterfaceOrientationLandscapeLeft UIInterfaceOrientationLandscapeRight";
				INFOPLIST_KEY_UISupportedInterfaceOrientations_iPhone = "UIInterfaceOrientationPortrait UIInterfaceOrientationLandscapeLeft UIInterfaceOrientationLandscapeRight";
				LD_RUNPATH_SEARCH_PATHS = (
					"$(inherited)",
					"@executable_path/Frameworks",
				);
				MARKETING_VERSION = 1.0;
				PRODUCT_BUNDLE_IDENTIFIER = com.tahaturan.testone.ArtBookProject;
				PRODUCT_NAME = "$(TARGET_NAME)";
				SWIFT_EMIT_LOC_STRINGS = YES;
				SWIFT_VERSION = 5.0;
				TARGETED_DEVICE_FAMILY = "1,2";
			};
			name = Debug;
		};
		5F9D1ECA29FBB58F0038C5DE /* Release */ = {
			isa = XCBuildConfiguration;
			buildSettings = {
				ASSETCATALOG_COMPILER_APPICON_NAME = AppIcon;
				ASSETCATALOG_COMPILER_GLOBAL_ACCENT_COLOR_NAME = AccentColor;
				CODE_SIGN_STYLE = Automatic;
				CURRENT_PROJECT_VERSION = 1;
				DEVELOPMENT_TEAM = UKXQYP47Y9;
				GENERATE_INFOPLIST_FILE = YES;
				INFOPLIST_FILE = ArtBookProject/Info.plist;
				INFOPLIST_KEY_UIApplicationSupportsIndirectInputEvents = YES;
				INFOPLIST_KEY_UILaunchStoryboardName = LaunchScreen;
				INFOPLIST_KEY_UIMainStoryboardFile = Main;
				INFOPLIST_KEY_UISupportedInterfaceOrientations_iPad = "UIInterfaceOrientationPortrait UIInterfaceOrientationPortraitUpsideDown UIInterfaceOrientationLandscapeLeft UIInterfaceOrientationLandscapeRight";
				INFOPLIST_KEY_UISupportedInterfaceOrientations_iPhone = "UIInterfaceOrientationPortrait UIInterfaceOrientationLandscapeLeft UIInterfaceOrientationLandscapeRight";
				LD_RUNPATH_SEARCH_PATHS = (
					"$(inherited)",
					"@executable_path/Frameworks",
				);
				MARKETING_VERSION = 1.0;
				PRODUCT_BUNDLE_IDENTIFIER = com.tahaturan.testone.ArtBookProject;
				PRODUCT_NAME = "$(TARGET_NAME)";
				SWIFT_EMIT_LOC_STRINGS = YES;
				SWIFT_VERSION = 5.0;
				TARGETED_DEVICE_FAMILY = "1,2";
			};
			name = Release;
		};
		5F9D1ECC29FBB58F0038C5DE /* Debug */ = {
			isa = XCBuildConfiguration;
			buildSettings = {
				ALWAYS_EMBED_SWIFT_STANDARD_LIBRARIES = YES;
				BUNDLE_LOADER = "$(TEST_HOST)";
				CODE_SIGN_STYLE = Automatic;
				CURRENT_PROJECT_VERSION = 1;
				DEVELOPMENT_TEAM = UKXQYP47Y9;
				GENERATE_INFOPLIST_FILE = YES;
				IPHONEOS_DEPLOYMENT_TARGET = 16.4;
				MARKETING_VERSION = 1.0;
				PRODUCT_BUNDLE_IDENTIFIER = com.tahaturan.testone.ArtBookProjectTests;
				PRODUCT_NAME = "$(TARGET_NAME)";
				SWIFT_EMIT_LOC_STRINGS = NO;
				SWIFT_VERSION = 5.0;
				TARGETED_DEVICE_FAMILY = "1,2";
				TEST_HOST = "$(BUILT_PRODUCTS_DIR)/ArtBookProject.app/$(BUNDLE_EXECUTABLE_FOLDER_PATH)/ArtBookProject";
			};
			name = Debug;
		};
		5F9D1ECD29FBB58F0038C5DE /* Release */ = {
			isa = XCBuildConfiguration;
			buildSettings = {
				ALWAYS_EMBED_SWIFT_STANDARD_LIBRARIES = YES;
				BUNDLE_LOADER = "$(TEST_HOST)";
				CODE_SIGN_STYLE = Automatic;
				CURRENT_PROJECT_VERSION = 1;
				DEVELOPMENT_TEAM = UKXQYP47Y9;
				GENERATE_INFOPLIST_FILE = YES;
				IPHONEOS_DEPLOYMENT_TARGET = 16.4;
				MARKETING_VERSION = 1.0;
				PRODUCT_BUNDLE_IDENTIFIER = com.tahaturan.testone.ArtBookProjectTests;
				PRODUCT_NAME = "$(TARGET_NAME)";
				SWIFT_EMIT_LOC_STRINGS = NO;
				SWIFT_VERSION = 5.0;
				TARGETED_DEVICE_FAMILY = "1,2";
				TEST_HOST = "$(BUILT_PRODUCTS_DIR)/ArtBookProject.app/$(BUNDLE_EXECUTABLE_FOLDER_PATH)/ArtBookProject";
			};
			name = Release;
		};
		5F9D1ECF29FBB58F0038C5DE /* Debug */ = {
			isa = XCBuildConfiguration;
			buildSettings = {
				ALWAYS_EMBED_SWIFT_STANDARD_LIBRARIES = YES;
				CODE_SIGN_STYLE = Automatic;
				CURRENT_PROJECT_VERSION = 1;
				DEVELOPMENT_TEAM = UKXQYP47Y9;
				GENERATE_INFOPLIST_FILE = YES;
				MARKETING_VERSION = 1.0;
				PRODUCT_BUNDLE_IDENTIFIER = com.tahaturan.testone.ArtBookProjectUITests;
				PRODUCT_NAME = "$(TARGET_NAME)";
				SWIFT_EMIT_LOC_STRINGS = NO;
				SWIFT_VERSION = 5.0;
				TARGETED_DEVICE_FAMILY = "1,2";
				TEST_TARGET_NAME = ArtBookProject;
			};
			name = Debug;
		};
		5F9D1ED029FBB58F0038C5DE /* Release */ = {
			isa = XCBuildConfiguration;
			buildSettings = {
				ALWAYS_EMBED_SWIFT_STANDARD_LIBRARIES = YES;
				CODE_SIGN_STYLE = Automatic;
				CURRENT_PROJECT_VERSION = 1;
				DEVELOPMENT_TEAM = UKXQYP47Y9;
				GENERATE_INFOPLIST_FILE = YES;
				MARKETING_VERSION = 1.0;
				PRODUCT_BUNDLE_IDENTIFIER = com.tahaturan.testone.ArtBookProjectUITests;
				PRODUCT_NAME = "$(TARGET_NAME)";
				SWIFT_EMIT_LOC_STRINGS = NO;
				SWIFT_VERSION = 5.0;
				TARGETED_DEVICE_FAMILY = "1,2";
				TEST_TARGET_NAME = ArtBookProject;
			};
			name = Release;
		};
/* End XCBuildConfiguration section */

/* Begin XCConfigurationList section */
		5F9D1E9629FBB58E0038C5DE /* Build configuration list for PBXProject "ArtBookProject" */ = {
			isa = XCConfigurationList;
			buildConfigurations = (
				5F9D1EC629FBB58F0038C5DE /* Debug */,
				5F9D1EC729FBB58F0038C5DE /* Release */,
			);
			defaultConfigurationIsVisible = 0;
			defaultConfigurationName = Release;
		};
		5F9D1EC829FBB58F0038C5DE /* Build configuration list for PBXNativeTarget "ArtBookProject" */ = {
			isa = XCConfigurationList;
			buildConfigurations = (
				5F9D1EC929FBB58F0038C5DE /* Debug */,
				5F9D1ECA29FBB58F0038C5DE /* Release */,
			);
			defaultConfigurationIsVisible = 0;
			defaultConfigurationName = Release;
		};
		5F9D1ECB29FBB58F0038C5DE /* Build configuration list for PBXNativeTarget "ArtBookProjectTests" */ = {
			isa = XCConfigurationList;
			buildConfigurations = (
				5F9D1ECC29FBB58F0038C5DE /* Debug */,
				5F9D1ECD29FBB58F0038C5DE /* Release */,
			);
			defaultConfigurationIsVisible = 0;
			defaultConfigurationName = Release;
		};
		5F9D1ECE29FBB58F0038C5DE /* Build configuration list for PBXNativeTarget "ArtBookProjectUITests" */ = {
			isa = XCConfigurationList;
			buildConfigurations = (
				5F9D1ECF29FBB58F0038C5DE /* Debug */,
				5F9D1ED029FBB58F0038C5DE /* Release */,
			);
			defaultConfigurationIsVisible = 0;
			defaultConfigurationName = Release;
		};
/* End XCConfigurationList section */

/* Begin XCVersionGroup section */
		5F9D1EA729FBB58E0038C5DE /* ArtBookProject.xcdatamodeld */ = {
			isa = XCVersionGroup;
			children = (
				5F9D1EA829FBB58E0038C5DE /* ArtBookProject.xcdatamodel */,
			);
			currentVersion = 5F9D1EA829FBB58E0038C5DE /* ArtBookProject.xcdatamodel */;
			path = ArtBookProject.xcdatamodeld;
			sourceTree = "<group>";
			versionGroupType = wrapper.xcdatamodel;
		};
/* End XCVersionGroup section */
	};
	rootObject = 5F9D1E9329FBB58E0038C5DE /* Project object */;
}
