// !$*UTF8*$!
{
	archiveVersion = 1;
	classes = {
	};
	objectVersion = 56;
	objects = {

/* Begin PBXBuildFile section */
		5FC237372A00F86B00763BF4 /* AppDelegate.swift in Sources */ = {isa = PBXBuildFile; fileRef = 5FC237362A00F86B00763BF4 /* AppDelegate.swift */; };
		5FC237392A00F86B00763BF4 /* SceneDelegate.swift in Sources */ = {isa = PBXBuildFile; fileRef = 5FC237382A00F86B00763BF4 /* SceneDelegate.swift */; };
		5FC2373B2A00F86B00763BF4 /* ViewController.swift in Sources */ = {isa = PBXBuildFile; fileRef = 5FC2373A2A00F86B00763BF4 /* ViewController.swift */; };
		5FC2373E2A00F86B00763BF4 /* Main.storyboard in Resources */ = {isa = PBXBuildFile; fileRef = 5FC2373C2A00F86B00763BF4 /* Main.storyboard */; };
		5FC237402A00F86C00763BF4 /* Assets.xcassets in Resources */ = {isa = PBXBuildFile; fileRef = 5FC2373F2A00F86C00763BF4 /* Assets.xcassets */; };
		5FC237432A00F86C00763BF4 /* LaunchScreen.storyboard in Resources */ = {isa = PBXBuildFile; fileRef = 5FC237412A00F86C00763BF4 /* LaunchScreen.storyboard */; };
		5FC2374E2A00F86C00763BF4 /* Timer_YapisiTests.swift in Sources */ = {isa = PBXBuildFile; fileRef = 5FC2374D2A00F86C00763BF4 /* Timer_YapisiTests.swift */; };
		5FC237582A00F86C00763BF4 /* Timer_YapisiUITests.swift in Sources */ = {isa = PBXBuildFile; fileRef = 5FC237572A00F86C00763BF4 /* Timer_YapisiUITests.swift */; };
		5FC2375A2A00F86C00763BF4 /* Timer_YapisiUITestsLaunchTests.swift in Sources */ = {isa = PBXBuildFile; fileRef = 5FC237592A00F86C00763BF4 /* Timer_YapisiUITestsLaunchTests.swift */; };
/* End PBXBuildFile section */

/* Begin PBXContainerItemProxy section */
		5FC2374A2A00F86C00763BF4 /* PBXContainerItemProxy */ = {
			isa = PBXContainerItemProxy;
			containerPortal = 5FC2372B2A00F86B00763BF4 /* Project object */;
			proxyType = 1;
			remoteGlobalIDString = 5FC237322A00F86B00763BF4;
			remoteInfo = Timer_Yapisi;
		};
		5FC237542A00F86C00763BF4 /* PBXContainerItemProxy */ = {
			isa = PBXContainerItemProxy;
			containerPortal = 5FC2372B2A00F86B00763BF4 /* Project object */;
			proxyType = 1;
			remoteGlobalIDString = 5FC237322A00F86B00763BF4;
			remoteInfo = Timer_Yapisi;
		};
/* End PBXContainerItemProxy section */

/* Begin PBXFileReference section */
		5FC237332A00F86B00763BF4 /* Timer_Yapisi.app */ = {isa = PBXFileReference; explicitFileType = wrapper.application; includeInIndex = 0; path = Timer_Yapisi.app; sourceTree = BUILT_PRODUCTS_DIR; };
		5FC237362A00F86B00763BF4 /* AppDelegate.swift */ = {isa = PBXFileReference; lastKnownFileType = sourcecode.swift; path = AppDelegate.swift; sourceTree = "<group>"; };
		5FC237382A00F86B00763BF4 /* SceneDelegate.swift */ = {isa = PBXFileReference; lastKnownFileType = sourcecode.swift; path = SceneDelegate.swift; sourceTree = "<group>"; };
		5FC2373A2A00F86B00763BF4 /* ViewController.swift */ = {isa = PBXFileReference; lastKnownFileType = sourcecode.swift; path = ViewController.swift; sourceTree = "<group>"; };
		5FC2373D2A00F86B00763BF4 /* Base */ = {isa = PBXFileReference; lastKnownFileType = file.storyboard; name = Base; path = Base.lproj/Main.storyboard; sourceTree = "<group>"; };
		5FC2373F2A00F86C00763BF4 /* Assets.xcassets */ = {isa = PBXFileReference; lastKnownFileType = folder.assetcatalog; path = Assets.xcassets; sourceTree = "<group>"; };
		5FC237422A00F86C00763BF4 /* Base */ = {isa = PBXFileReference; lastKnownFileType = file.storyboard; name = Base; path = Base.lproj/LaunchScreen.storyboard; sourceTree = "<group>"; };
		5FC237442A00F86C00763BF4 /* Info.plist */ = {isa = PBXFileReference; lastKnownFileType = text.plist.xml; path = Info.plist; sourceTree = "<group>"; };
		5FC237492A00F86C00763BF4 /* Timer_YapisiTests.xctest */ = {isa = PBXFileReference; explicitFileType = wrapper.cfbundle; includeInIndex = 0; path = Timer_YapisiTests.xctest; sourceTree = BUILT_PRODUCTS_DIR; };
		5FC2374D2A00F86C00763BF4 /* Timer_YapisiTests.swift */ = {isa = PBXFileReference; lastKnownFileType = sourcecode.swift; path = Timer_YapisiTests.swift; sourceTree = "<group>"; };
		5FC237532A00F86C00763BF4 /* Timer_YapisiUITests.xctest */ = {isa = PBXFileReference; explicitFileType = wrapper.cfbundle; includeInIndex = 0; path = Timer_YapisiUITests.xctest; sourceTree = BUILT_PRODUCTS_DIR; };
		5FC237572A00F86C00763BF4 /* Timer_YapisiUITests.swift */ = {isa = PBXFileReference; lastKnownFileType = sourcecode.swift; path = Timer_YapisiUITests.swift; sourceTree = "<group>"; };
		5FC237592A00F86C00763BF4 /* Timer_YapisiUITestsLaunchTests.swift */ = {isa = PBXFileReference; lastKnownFileType = sourcecode.swift; path = Timer_YapisiUITestsLaunchTests.swift; sourceTree = "<group>"; };
/* End PBXFileReference section */

/* Begin PBXFrameworksBuildPhase section */
		5FC237302A00F86B00763BF4 /* Frameworks */ = {
			isa = PBXFrameworksBuildPhase;
			buildActionMask = 2147483647;
			files = (
			);
			runOnlyForDeploymentPostprocessing = 0;
		};
		5FC237462A00F86C00763BF4 /* Frameworks */ = {
			isa = PBXFrameworksBuildPhase;
			buildActionMask = 2147483647;
			files = (
			);
			runOnlyForDeploymentPostprocessing = 0;
		};
		5FC237502A00F86C00763BF4 /* Frameworks */ = {
			isa = PBXFrameworksBuildPhase;
			buildActionMask = 2147483647;
			files = (
			);
			runOnlyForDeploymentPostprocessing = 0;
		};
/* End PBXFrameworksBuildPhase section */

/* Begin PBXGroup section */
		5FC2372A2A00F86B00763BF4 = {
			isa = PBXGroup;
			children = (
				5FC237352A00F86B00763BF4 /* Timer_Yapisi */,
				5FC2374C2A00F86C00763BF4 /* Timer_YapisiTests */,
				5FC237562A00F86C00763BF4 /* Timer_YapisiUITests */,
				5FC237342A00F86B00763BF4 /* Products */,
			);
			sourceTree = "<group>";
		};
		5FC237342A00F86B00763BF4 /* Products */ = {
			isa = PBXGroup;
			children = (
				5FC237332A00F86B00763BF4 /* Timer_Yapisi.app */,
				5FC237492A00F86C00763BF4 /* Timer_YapisiTests.xctest */,
				5FC237532A00F86C00763BF4 /* Timer_YapisiUITests.xctest */,
			);
			name = Products;
			sourceTree = "<group>";
		};
		5FC237352A00F86B00763BF4 /* Timer_Yapisi */ = {
			isa = PBXGroup;
			children = (
				5FC237362A00F86B00763BF4 /* AppDelegate.swift */,
				5FC237382A00F86B00763BF4 /* SceneDelegate.swift */,
				5FC2373A2A00F86B00763BF4 /* ViewController.swift */,
				5FC2373C2A00F86B00763BF4 /* Main.storyboard */,
				5FC2373F2A00F86C00763BF4 /* Assets.xcassets */,
				5FC237412A00F86C00763BF4 /* LaunchScreen.storyboard */,
				5FC237442A00F86C00763BF4 /* Info.plist */,
			);
			path = Timer_Yapisi;
			sourceTree = "<group>";
		};
		5FC2374C2A00F86C00763BF4 /* Timer_YapisiTests */ = {
			isa = PBXGroup;
			children = (
				5FC2374D2A00F86C00763BF4 /* Timer_YapisiTests.swift */,
			);
			path = Timer_YapisiTests;
			sourceTree = "<group>";
		};
		5FC237562A00F86C00763BF4 /* Timer_YapisiUITests */ = {
			isa = PBXGroup;
			children = (
				5FC237572A00F86C00763BF4 /* Timer_YapisiUITests.swift */,
				5FC237592A00F86C00763BF4 /* Timer_YapisiUITestsLaunchTests.swift */,
			);
			path = Timer_YapisiUITests;
			sourceTree = "<group>";
		};
/* End PBXGroup section */

/* Begin PBXNativeTarget section */
		5FC237322A00F86B00763BF4 /* Timer_Yapisi */ = {
			isa = PBXNativeTarget;
			buildConfigurationList = 5FC2375D2A00F86C00763BF4 /* Build configuration list for PBXNativeTarget "Timer_Yapisi" */;
			buildPhases = (
				5FC2372F2A00F86B00763BF4 /* Sources */,
				5FC237302A00F86B00763BF4 /* Frameworks */,
				5FC237312A00F86B00763BF4 /* Resources */,
			);
			buildRules = (
			);
			dependencies = (
			);
			name = Timer_Yapisi;
			productName = Timer_Yapisi;
			productReference = 5FC237332A00F86B00763BF4 /* Timer_Yapisi.app */;
			productType = "com.apple.product-type.application";
		};
		5FC237482A00F86C00763BF4 /* Timer_YapisiTests */ = {
			isa = PBXNativeTarget;
			buildConfigurationList = 5FC237602A00F86C00763BF4 /* Build configuration list for PBXNativeTarget "Timer_YapisiTests" */;
			buildPhases = (
				5FC237452A00F86C00763BF4 /* Sources */,
				5FC237462A00F86C00763BF4 /* Frameworks */,
				5FC237472A00F86C00763BF4 /* Resources */,
			);
			buildRules = (
			);
			dependencies = (
				5FC2374B2A00F86C00763BF4 /* PBXTargetDependency */,
			);
			name = Timer_YapisiTests;
			productName = Timer_YapisiTests;
			productReference = 5FC237492A00F86C00763BF4 /* Timer_YapisiTests.xctest */;
			productType = "com.apple.product-type.bundle.unit-test";
		};
		5FC237522A00F86C00763BF4 /* Timer_YapisiUITests */ = {
			isa = PBXNativeTarget;
			buildConfigurationList = 5FC237632A00F86C00763BF4 /* Build configuration list for PBXNativeTarget "Timer_YapisiUITests" */;
			buildPhases = (
				5FC2374F2A00F86C00763BF4 /* Sources */,
				5FC237502A00F86C00763BF4 /* Frameworks */,
				5FC237512A00F86C00763BF4 /* Resources */,
			);
			buildRules = (
			);
			dependencies = (
				5FC237552A00F86C00763BF4 /* PBXTargetDependency */,
			);
			name = Timer_YapisiUITests;
			productName = Timer_YapisiUITests;
			productReference = 5FC237532A00F86C00763BF4 /* Timer_YapisiUITests.xctest */;
			productType = "com.apple.product-type.bundle.ui-testing";
		};
/* End PBXNativeTarget section */

/* Begin PBXProject section */
		5FC2372B2A00F86B00763BF4 /* Project object */ = {
			isa = PBXProject;
			attributes = {
				BuildIndependentTargetsInParallel = 1;
				LastSwiftUpdateCheck = 1430;
				LastUpgradeCheck = 1430;
				TargetAttributes = {
					5FC237322A00F86B00763BF4 = {
						CreatedOnToolsVersion = 14.3;
					};
					5FC237482A00F86C00763BF4 = {
						CreatedOnToolsVersion = 14.3;
						TestTargetID = 5FC237322A00F86B00763BF4;
					};
					5FC237522A00F86C00763BF4 = {
						CreatedOnToolsVersion = 14.3;
						TestTargetID = 5FC237322A00F86B00763BF4;
					};
				};
			};
			buildConfigurationList = 5FC2372E2A00F86B00763BF4 /* Build configuration list for PBXProject "Timer_Yapisi" */;
			compatibilityVersion = "Xcode 14.0";
			developmentRegion = en;
			hasScannedForEncodings = 0;
			knownRegions = (
				en,
				Base,
			);
			mainGroup = 5FC2372A2A00F86B00763BF4;
			productRefGroup = 5FC237342A00F86B00763BF4 /* Products */;
			projectDirPath = "";
			projectRoot = "";
			targets = (
				5FC237322A00F86B00763BF4 /* Timer_Yapisi */,
				5FC237482A00F86C00763BF4 /* Timer_YapisiTests */,
				5FC237522A00F86C00763BF4 /* Timer_YapisiUITests */,
			);
		};
/* End PBXProject section */

/* Begin PBXResourcesBuildPhase section */
		5FC237312A00F86B00763BF4 /* Resources */ = {
			isa = PBXResourcesBuildPhase;
			buildActionMask = 2147483647;
			files = (
				5FC237432A00F86C00763BF4 /* LaunchScreen.storyboard in Resources */,
				5FC237402A00F86C00763BF4 /* Assets.xcassets in Resources */,
				5FC2373E2A00F86B00763BF4 /* Main.storyboard in Resources */,
			);
			runOnlyForDeploymentPostprocessing = 0;
		};
		5FC237472A00F86C00763BF4 /* Resources */ = {
			isa = PBXResourcesBuildPhase;
			buildActionMask = 2147483647;
			files = (
			);
			runOnlyForDeploymentPostprocessing = 0;
		};
		5FC237512A00F86C00763BF4 /* Resources */ = {
			isa = PBXResourcesBuildPhase;
			buildActionMask = 2147483647;
			files = (
			);
			runOnlyForDeploymentPostprocessing = 0;
		};
/* End PBXResourcesBuildPhase section */

/* Begin PBXSourcesBuildPhase section */
		5FC2372F2A00F86B00763BF4 /* Sources */ = {
			isa = PBXSourcesBuildPhase;
			buildActionMask = 2147483647;
			files = (
				5FC2373B2A00F86B00763BF4 /* ViewController.swift in Sources */,
				5FC237372A00F86B00763BF4 /* AppDelegate.swift in Sources */,
				5FC237392A00F86B00763BF4 /* SceneDelegate.swift in Sources */,
			);
			runOnlyForDeploymentPostprocessing = 0;
		};
		5FC237452A00F86C00763BF4 /* Sources */ = {
			isa = PBXSourcesBuildPhase;
			buildActionMask = 2147483647;
			files = (
				5FC2374E2A00F86C00763BF4 /* Timer_YapisiTests.swift in Sources */,
			);
			runOnlyForDeploymentPostprocessing = 0;
		};
		5FC2374F2A00F86C00763BF4 /* Sources */ = {
			isa = PBXSourcesBuildPhase;
			buildActionMask = 2147483647;
			files = (
				5FC237582A00F86C00763BF4 /* Timer_YapisiUITests.swift in Sources */,
				5FC2375A2A00F86C00763BF4 /* Timer_YapisiUITestsLaunchTests.swift in Sources */,
			);
			runOnlyForDeploymentPostprocessing = 0;
		};
/* End PBXSourcesBuildPhase section */

/* Begin PBXTargetDependency section */
		5FC2374B2A00F86C00763BF4 /* PBXTargetDependency */ = {
			isa = PBXTargetDependency;
			target = 5FC237322A00F86B00763BF4 /* Timer_Yapisi */;
			targetProxy = 5FC2374A2A00F86C00763BF4 /* PBXContainerItemProxy */;
		};
		5FC237552A00F86C00763BF4 /* PBXTargetDependency */ = {
			isa = PBXTargetDependency;
			target = 5FC237322A00F86B00763BF4 /* Timer_Yapisi */;
			targetProxy = 5FC237542A00F86C00763BF4 /* PBXContainerItemProxy */;
		};
/* End PBXTargetDependency section */

/* Begin PBXVariantGroup section */
		5FC2373C2A00F86B00763BF4 /* Main.storyboard */ = {
			isa = PBXVariantGroup;
			children = (
				5FC2373D2A00F86B00763BF4 /* Base */,
			);
			name = Main.storyboard;
			sourceTree = "<group>";
		};
		5FC237412A00F86C00763BF4 /* LaunchScreen.storyboard */ = {
			isa = PBXVariantGroup;
			children = (
				5FC237422A00F86C00763BF4 /* Base */,
			);
			name = LaunchScreen.storyboard;
			sourceTree = "<group>";
		};
/* End PBXVariantGroup section */

/* Begin XCBuildConfiguration section */
		5FC2375B2A00F86C00763BF4 /* Debug */ = {
			isa = XCBuildConfiguration;
			buildSettings = {
				ALWAYS_SEARCH_USER_PATHS = NO;
				CLANG_ANALYZER_NONNULL = YES;
				CLANG_ANALYZER_NUMBER_OBJECT_CONVERSION = YES_AGGRESSIVE;
				CLANG_CXX_LANGUAGE_STANDARD = "gnu++20";
				CLANG_ENABLE_MODULES = YES;
				CLANG_ENABLE_OBJC_ARC = YES;
				CLANG_ENABLE_OBJC_WEAK = YES;
				CLANG_WARN_BLOCK_CAPTURE_AUTORELEASING = YES;
				CLANG_WARN_BOOL_CONVERSION = YES;
				CLANG_WARN_COMMA = YES;
				CLANG_WARN_CONSTANT_CONVERSION = YES;
				CLANG_WARN_DEPRECATED_OBJC_IMPLEMENTATIONS = YES;
				CLANG_WARN_DIRECT_OBJC_ISA_USAGE = YES_ERROR;
				CLANG_WARN_DOCUMENTATION_COMMENTS = YES;
				CLANG_WARN_EMPTY_BODY = YES;
				CLANG_WARN_ENUM_CONVERSION = YES;
				CLANG_WARN_INFINITE_RECURSION = YES;
				CLANG_WARN_INT_CONVERSION = YES;
				CLANG_WARN_NON_LITERAL_NULL_CONVERSION = YES;
				CLANG_WARN_OBJC_IMPLICIT_RETAIN_SELF = YES;
				CLANG_WARN_OBJC_LITERAL_CONVERSION = YES;
				CLANG_WARN_OBJC_ROOT_CLASS = YES_ERROR;
				CLANG_WARN_QUOTED_INCLUDE_IN_FRAMEWORK_HEADER = YES;
				CLANG_WARN_RANGE_LOOP_ANALYSIS = YES;
				CLANG_WARN_STRICT_PROTOTYPES = YES;
				CLANG_WARN_SUSPICIOUS_MOVE = YES;
				CLANG_WARN_UNGUARDED_AVAILABILITY = YES_AGGRESSIVE;
				CLANG_WARN_UNREACHABLE_CODE = YES;
				CLANG_WARN__DUPLICATE_METHOD_MATCH = YES;
				COPY_PHASE_STRIP = NO;
				DEBUG_INFORMATION_FORMAT = dwarf;
				ENABLE_STRICT_OBJC_MSGSEND = YES;
				ENABLE_TESTABILITY = YES;
				GCC_C_LANGUAGE_STANDARD = gnu11;
				GCC_DYNAMIC_NO_PIC = NO;
				GCC_NO_COMMON_BLOCKS = YES;
				GCC_OPTIMIZATION_LEVEL = 0;
				GCC_PREPROCESSOR_DEFINITIONS = (
					"DEBUG=1",
					"$(inherited)",
				);
				GCC_WARN_64_TO_32_BIT_CONVERSION = YES;
				GCC_WARN_ABOUT_RETURN_TYPE = YES_ERROR;
				GCC_WARN_UNDECLARED_SELECTOR = YES;
				GCC_WARN_UNINITIALIZED_AUTOS = YES_AGGRESSIVE;
				GCC_WARN_UNUSED_FUNCTION = YES;
				GCC_WARN_UNUSED_VARIABLE = YES;
				IPHONEOS_DEPLOYMENT_TARGET = 16.4;
				MTL_ENABLE_DEBUG_INFO = INCLUDE_SOURCE;
				MTL_FAST_MATH = YES;
				ONLY_ACTIVE_ARCH = YES;
				SDKROOT = iphoneos;
				SWIFT_ACTIVE_COMPILATION_CONDITIONS = DEBUG;
				SWIFT_OPTIMIZATION_LEVEL = "-Onone";
			};
			name = Debug;
		};
		5FC2375C2A00F86C00763BF4 /* Release */ = {
			isa = XCBuildConfiguration;
			buildSettings = {
				ALWAYS_SEARCH_USER_PATHS = NO;
				CLANG_ANALYZER_NONNULL = YES;
				CLANG_ANALYZER_NUMBER_OBJECT_CONVERSION = YES_AGGRESSIVE;
				CLANG_CXX_LANGUAGE_STANDARD = "gnu++20";
				CLANG_ENABLE_MODULES = YES;
				CLANG_ENABLE_OBJC_ARC = YES;
				CLANG_ENABLE_OBJC_WEAK = YES;
				CLANG_WARN_BLOCK_CAPTURE_AUTORELEASING = YES;
				CLANG_WARN_BOOL_CONVERSION = YES;
				CLANG_WARN_COMMA = YES;
				CLANG_WARN_CONSTANT_CONVERSION = YES;
				CLANG_WARN_DEPRECATED_OBJC_IMPLEMENTATIONS = YES;
				CLANG_WARN_DIRECT_OBJC_ISA_USAGE = YES_ERROR;
				CLANG_WARN_DOCUMENTATION_COMMENTS = YES;
				CLANG_WARN_EMPTY_BODY = YES;
				CLANG_WARN_ENUM_CONVERSION = YES;
				CLANG_WARN_INFINITE_RECURSION = YES;
				CLANG_WARN_INT_CONVERSION = YES;
				CLANG_WARN_NON_LITERAL_NULL_CONVERSION = YES;
				CLANG_WARN_OBJC_IMPLICIT_RETAIN_SELF = YES;
				CLANG_WARN_OBJC_LITERAL_CONVERSION = YES;
				CLANG_WARN_OBJC_ROOT_CLASS = YES_ERROR;
				CLANG_WARN_QUOTED_INCLUDE_IN_FRAMEWORK_HEADER = YES;
				CLANG_WARN_RANGE_LOOP_ANALYSIS = YES;
				CLANG_WARN_STRICT_PROTOTYPES = YES;
				CLANG_WARN_SUSPICIOUS_MOVE = YES;
				CLANG_WARN_UNGUARDED_AVAILABILITY = YES_AGGRESSIVE;
				CLANG_WARN_UNREACHABLE_CODE = YES;
				CLANG_WARN__DUPLICATE_METHOD_MATCH = YES;
				COPY_PHASE_STRIP = NO;
				DEBUG_INFORMATION_FORMAT = "dwarf-with-dsym";
				ENABLE_NS_ASSERTIONS = NO;
				ENABLE_STRICT_OBJC_MSGSEND = YES;
				GCC_C_LANGUAGE_STANDARD = gnu11;
				GCC_NO_COMMON_BLOCKS = YES;
				GCC_WARN_64_TO_32_BIT_CONVERSION = YES;
				GCC_WARN_ABOUT_RETURN_TYPE = YES_ERROR;
				GCC_WARN_UNDECLARED_SELECTOR = YES;
				GCC_WARN_UNINITIALIZED_AUTOS = YES_AGGRESSIVE;
				GCC_WARN_UNUSED_FUNCTION = YES;
				GCC_WARN_UNUSED_VARIABLE = YES;
				IPHONEOS_DEPLOYMENT_TARGET = 16.4;
				MTL_ENABLE_DEBUG_INFO = NO;
				MTL_FAST_MATH = YES;
				SDKROOT = iphoneos;
				SWIFT_COMPILATION_MODE = wholemodule;
				SWIFT_OPTIMIZATION_LEVEL = "-O";
				VALIDATE_PRODUCT = YES;
			};
			name = Release;
		};
		5FC2375E2A00F86C00763BF4 /* Debug */ = {
			isa = XCBuildConfiguration;
			buildSettings = {
				ASSETCATALOG_COMPILER_APPICON_NAME = AppIcon;
				ASSETCATALOG_COMPILER_GLOBAL_ACCENT_COLOR_NAME = AccentColor;
				CODE_SIGN_STYLE = Automatic;
				CURRENT_PROJECT_VERSION = 1;
				DEVELOPMENT_TEAM = UKXQYP47Y9;
				GENERATE_INFOPLIST_FILE = YES;
				INFOPLIST_FILE = Timer_Yapisi/Info.plist;
				INFOPLIST_KEY_UIApplicationSupportsIndirectInputEvents = YES;
				INFOPLIST_KEY_UILaunchStoryboardName = LaunchScreen;
				INFOPLIST_KEY_UIMainStoryboardFile = Main;
				INFOPLIST_KEY_UISupportedInterfaceOrientations_iPad = "UIInterfaceOrientationPortrait UIInterfaceOrientationPortraitUpsideDown UIInterfaceOrientationLandscapeLeft UIInterfaceOrientationLandscapeRight";
				INFOPLIST_KEY_UISupportedInterfaceOrientations_iPhone = "UIInterfaceOrientationPortrait UIInterfaceOrientationLandscapeLeft UIInterfaceOrientationLandscapeRight";
				LD_RUNPATH_SEARCH_PATHS = (
					"$(inherited)",
					"@executable_path/Frameworks",
				);
				MARKETING_VERSION = 1.0;
				PRODUCT_BUNDLE_IDENTIFIER = "com.tahaturan.testone.Timer-Yapisi";
				PRODUCT_NAME = "$(TARGET_NAME)";
				SWIFT_EMIT_LOC_STRINGS = YES;
				SWIFT_VERSION = 5.0;
				TARGETED_DEVICE_FAMILY = "1,2";
			};
			name = Debug;
		};
		5FC2375F2A00F86C00763BF4 /* Release */ = {
			isa = XCBuildConfiguration;
			buildSettings = {
				ASSETCATALOG_COMPILER_APPICON_NAME = AppIcon;
				ASSETCATALOG_COMPILER_GLOBAL_ACCENT_COLOR_NAME = AccentColor;
				CODE_SIGN_STYLE = Automatic;
				CURRENT_PROJECT_VERSION = 1;
				DEVELOPMENT_TEAM = UKXQYP47Y9;
				GENERATE_INFOPLIST_FILE = YES;
				INFOPLIST_FILE = Timer_Yapisi/Info.plist;
				INFOPLIST_KEY_UIApplicationSupportsIndirectInputEvents = YES;
				INFOPLIST_KEY_UILaunchStoryboardName = LaunchScreen;
				INFOPLIST_KEY_UIMainStoryboardFile = Main;
				INFOPLIST_KEY_UISupportedInterfaceOrientations_iPad = "UIInterfaceOrientationPortrait UIInterfaceOrientationPortraitUpsideDown UIInterfaceOrientationLandscapeLeft UIInterfaceOrientationLandscapeRight";
				INFOPLIST_KEY_UISupportedInterfaceOrientations_iPhone = "UIInterfaceOrientationPortrait UIInterfaceOrientationLandscapeLeft UIInterfaceOrientationLandscapeRight";
				LD_RUNPATH_SEARCH_PATHS = (
					"$(inherited)",
					"@executable_path/Frameworks",
				);
				MARKETING_VERSION = 1.0;
				PRODUCT_BUNDLE_IDENTIFIER = "com.tahaturan.testone.Timer-Yapisi";
				PRODUCT_NAME = "$(TARGET_NAME)";
				SWIFT_EMIT_LOC_STRINGS = YES;
				SWIFT_VERSION = 5.0;
				TARGETED_DEVICE_FAMILY = "1,2";
			};
			name = Release;
		};
		5FC237612A00F86C00763BF4 /* Debug */ = {
			isa = XCBuildConfiguration;
			buildSettings = {
				ALWAYS_EMBED_SWIFT_STANDARD_LIBRARIES = YES;
				BUNDLE_LOADER = "$(TEST_HOST)";
				CODE_SIGN_STYLE = Automatic;
				CURRENT_PROJECT_VERSION = 1;
				DEVELOPMENT_TEAM = UKXQYP47Y9;
				GENERATE_INFOPLIST_FILE = YES;
				IPHONEOS_DEPLOYMENT_TARGET = 16.4;
				MARKETING_VERSION = 1.0;
				PRODUCT_BUNDLE_IDENTIFIER = "com.tahaturan.testone.Timer-YapisiTests";
				PRODUCT_NAME = "$(TARGET_NAME)";
				SWIFT_EMIT_LOC_STRINGS = NO;
				SWIFT_VERSION = 5.0;
				TARGETED_DEVICE_FAMILY = "1,2";
				TEST_HOST = "$(BUILT_PRODUCTS_DIR)/Timer_Yapisi.app/$(BUNDLE_EXECUTABLE_FOLDER_PATH)/Timer_Yapisi";
			};
			name = Debug;
		};
		5FC237622A00F86C00763BF4 /* Release */ = {
			isa = XCBuildConfiguration;
			buildSettings = {
				ALWAYS_EMBED_SWIFT_STANDARD_LIBRARIES = YES;
				BUNDLE_LOADER = "$(TEST_HOST)";
				CODE_SIGN_STYLE = Automatic;
				CURRENT_PROJECT_VERSION = 1;
				DEVELOPMENT_TEAM = UKXQYP47Y9;
				GENERATE_INFOPLIST_FILE = YES;
				IPHONEOS_DEPLOYMENT_TARGET = 16.4;
				MARKETING_VERSION = 1.0;
				PRODUCT_BUNDLE_IDENTIFIER = "com.tahaturan.testone.Timer-YapisiTests";
				PRODUCT_NAME = "$(TARGET_NAME)";
				SWIFT_EMIT_LOC_STRINGS = NO;
				SWIFT_VERSION = 5.0;
				TARGETED_DEVICE_FAMILY = "1,2";
				TEST_HOST = "$(BUILT_PRODUCTS_DIR)/Timer_Yapisi.app/$(BUNDLE_EXECUTABLE_FOLDER_PATH)/Timer_Yapisi";
			};
			name = Release;
		};
		5FC237642A00F86C00763BF4 /* Debug */ = {
			isa = XCBuildConfiguration;
			buildSettings = {
				ALWAYS_EMBED_SWIFT_STANDARD_LIBRARIES = YES;
				CODE_SIGN_STYLE = Automatic;
				CURRENT_PROJECT_VERSION = 1;
				DEVELOPMENT_TEAM = UKXQYP47Y9;
				GENERATE_INFOPLIST_FILE = YES;
				MARKETING_VERSION = 1.0;
				PRODUCT_BUNDLE_IDENTIFIER = "com.tahaturan.testone.Timer-YapisiUITests";
				PRODUCT_NAME = "$(TARGET_NAME)";
				SWIFT_EMIT_LOC_STRINGS = NO;
				SWIFT_VERSION = 5.0;
				TARGETED_DEVICE_FAMILY = "1,2";
				TEST_TARGET_NAME = Timer_Yapisi;
			};
			name = Debug;
		};
		5FC237652A00F86C00763BF4 /* Release */ = {
			isa = XCBuildConfiguration;
			buildSettings = {
				ALWAYS_EMBED_SWIFT_STANDARD_LIBRARIES = YES;
				CODE_SIGN_STYLE = Automatic;
				CURRENT_PROJECT_VERSION = 1;
				DEVELOPMENT_TEAM = UKXQYP47Y9;
				GENERATE_INFOPLIST_FILE = YES;
				MARKETING_VERSION = 1.0;
				PRODUCT_BUNDLE_IDENTIFIER = "com.tahaturan.testone.Timer-YapisiUITests";
				PRODUCT_NAME = "$(TARGET_NAME)";
				SWIFT_EMIT_LOC_STRINGS = NO;
				SWIFT_VERSION = 5.0;
				TARGETED_DEVICE_FAMILY = "1,2";
				TEST_TARGET_NAME = Timer_Yapisi;
			};
			name = Release;
		};
/* End XCBuildConfiguration section */

/* Begin XCConfigurationList section */
		5FC2372E2A00F86B00763BF4 /* Build configuration list for PBXProject "Timer_Yapisi" */ = {
			isa = XCConfigurationList;
			buildConfigurations = (
				5FC2375B2A00F86C00763BF4 /* Debug */,
				5FC2375C2A00F86C00763BF4 /* Release */,
			);
			defaultConfigurationIsVisible = 0;
			defaultConfigurationName = Release;
		};
		5FC2375D2A00F86C00763BF4 /* Build configuration list for PBXNativeTarget "Timer_Yapisi" */ = {
			isa = XCConfigurationList;
			buildConfigurations = (
				5FC2375E2A00F86C00763BF4 /* Debug */,
				5FC2375F2A00F86C00763BF4 /* Release */,
			);
			defaultConfigurationIsVisible = 0;
			defaultConfigurationName = Release;
		};
		5FC237602A00F86C00763BF4 /* Build configuration list for PBXNativeTarget "Timer_YapisiTests" */ = {
			isa = XCConfigurationList;
			buildConfigurations = (
				5FC237612A00F86C00763BF4 /* Debug */,
				5FC237622A00F86C00763BF4 /* Release */,
			);
			defaultConfigurationIsVisible = 0;
			defaultConfigurationName = Release;
		};
		5FC237632A00F86C00763BF4 /* Build configuration list for PBXNativeTarget "Timer_YapisiUITests" */ = {
			isa = XCConfigurationList;
			buildConfigurations = (
				5FC237642A00F86C00763BF4 /* Debug */,
				5FC237652A00F86C00763BF4 /* Release */,
			);
			defaultConfigurationIsVisible = 0;
			defaultConfigurationName = Release;
		};
/* End XCConfigurationList section */
	};
	rootObject = 5FC2372B2A00F86B00763BF4 /* Project object */;
}
