// !$*UTF8*$!
{
	archiveVersion = 1;
	classes = {
	};
	objectVersion = 56;
	objects = {

/* Begin PBXBuildFile section */
		5FCF5AA42A05122400F4E12E /* AppDelegate.swift in Sources */ = {isa = PBXBuildFile; fileRef = 5FCF5AA32A05122400F4E12E /* AppDelegate.swift */; };
		5FCF5AA62A05122400F4E12E /* SceneDelegate.swift in Sources */ = {isa = PBXBuildFile; fileRef = 5FCF5AA52A05122400F4E12E /* SceneDelegate.swift */; };
		5FCF5AA82A05122400F4E12E /* ViewController.swift in Sources */ = {isa = PBXBuildFile; fileRef = 5FCF5AA72A05122400F4E12E /* ViewController.swift */; };
		5FCF5AAB2A05122400F4E12E /* Main.storyboard in Resources */ = {isa = PBXBuildFile; fileRef = 5FCF5AA92A05122400F4E12E /* Main.storyboard */; };
		5FCF5AAD2A05122500F4E12E /* Assets.xcassets in Resources */ = {isa = PBXBuildFile; fileRef = 5FCF5AAC2A05122500F4E12E /* Assets.xcassets */; };
		5FCF5AB02A05122500F4E12E /* LaunchScreen.storyboard in Resources */ = {isa = PBXBuildFile; fileRef = 5FCF5AAE2A05122500F4E12E /* LaunchScreen.storyboard */; };
		5FCF5ABB2A05122500F4E12E /* CoreLocationFramework_KullanimiTests.swift in Sources */ = {isa = PBXBuildFile; fileRef = 5FCF5ABA2A05122500F4E12E /* CoreLocationFramework_KullanimiTests.swift */; };
		5FCF5AC52A05122500F4E12E /* CoreLocationFramework_KullanimiUITests.swift in Sources */ = {isa = PBXBuildFile; fileRef = 5FCF5AC42A05122500F4E12E /* CoreLocationFramework_KullanimiUITests.swift */; };
		5FCF5AC72A05122500F4E12E /* CoreLocationFramework_KullanimiUITestsLaunchTests.swift in Sources */ = {isa = PBXBuildFile; fileRef = 5FCF5AC62A05122500F4E12E /* CoreLocationFramework_KullanimiUITestsLaunchTests.swift */; };
		5FCF5AD52A0512B700F4E12E /* CoreLocation.framework in Frameworks */ = {isa = PBXBuildFile; fileRef = 5FCF5AD42A0512B700F4E12E /* CoreLocation.framework */; };
		5FCF5AD72A05177300F4E12E /* MapKitKullanimViewController.swift in Sources */ = {isa = PBXBuildFile; fileRef = 5FCF5AD62A05177300F4E12E /* MapKitKullanimViewController.swift */; };
		5FCF5AD92A05226B00F4E12E /* CoreLocationAndMapKitVC.swift in Sources */ = {isa = PBXBuildFile; fileRef = 5FCF5AD82A05226B00F4E12E /* CoreLocationAndMapKitVC.swift */; };
/* End PBXBuildFile section */

/* Begin PBXContainerItemProxy section */
		5FCF5AB72A05122500F4E12E /* PBXContainerItemProxy */ = {
			isa = PBXContainerItemProxy;
			containerPortal = 5FCF5A982A05122400F4E12E /* Project object */;
			proxyType = 1;
			remoteGlobalIDString = 5FCF5A9F2A05122400F4E12E;
			remoteInfo = CoreLocationFramework_Kullanimi;
		};
		5FCF5AC12A05122500F4E12E /* PBXContainerItemProxy */ = {
			isa = PBXContainerItemProxy;
			containerPortal = 5FCF5A982A05122400F4E12E /* Project object */;
			proxyType = 1;
			remoteGlobalIDString = 5FCF5A9F2A05122400F4E12E;
			remoteInfo = CoreLocationFramework_Kullanimi;
		};
/* End PBXContainerItemProxy section */

/* Begin PBXFileReference section */
		5FCF5AA02A05122400F4E12E /* CoreLocationFramework_Kullanimi.app */ = {isa = PBXFileReference; explicitFileType = wrapper.application; includeInIndex = 0; path = CoreLocationFramework_Kullanimi.app; sourceTree = BUILT_PRODUCTS_DIR; };
		5FCF5AA32A05122400F4E12E /* AppDelegate.swift */ = {isa = PBXFileReference; lastKnownFileType = sourcecode.swift; path = AppDelegate.swift; sourceTree = "<group>"; };
		5FCF5AA52A05122400F4E12E /* SceneDelegate.swift */ = {isa = PBXFileReference; lastKnownFileType = sourcecode.swift; path = SceneDelegate.swift; sourceTree = "<group>"; };
		5FCF5AA72A05122400F4E12E /* ViewController.swift */ = {isa = PBXFileReference; lastKnownFileType = sourcecode.swift; path = ViewController.swift; sourceTree = "<group>"; };
		5FCF5AAA2A05122400F4E12E /* Base */ = {isa = PBXFileReference; lastKnownFileType = file.storyboard; name = Base; path = Base.lproj/Main.storyboard; sourceTree = "<group>"; };
		5FCF5AAC2A05122500F4E12E /* Assets.xcassets */ = {isa = PBXFileReference; lastKnownFileType = folder.assetcatalog; path = Assets.xcassets; sourceTree = "<group>"; };
		5FCF5AAF2A05122500F4E12E /* Base */ = {isa = PBXFileReference; lastKnownFileType = file.storyboard; name = Base; path = Base.lproj/LaunchScreen.storyboard; sourceTree = "<group>"; };
		5FCF5AB12A05122500F4E12E /* Info.plist */ = {isa = PBXFileReference; lastKnownFileType = text.plist.xml; path = Info.plist; sourceTree = "<group>"; };
		5FCF5AB62A05122500F4E12E /* CoreLocationFramework_KullanimiTests.xctest */ = {isa = PBXFileReference; explicitFileType = wrapper.cfbundle; includeInIndex = 0; path = CoreLocationFramework_KullanimiTests.xctest; sourceTree = BUILT_PRODUCTS_DIR; };
		5FCF5ABA2A05122500F4E12E /* CoreLocationFramework_KullanimiTests.swift */ = {isa = PBXFileReference; lastKnownFileType = sourcecode.swift; path = CoreLocationFramework_KullanimiTests.swift; sourceTree = "<group>"; };
		5FCF5AC02A05122500F4E12E /* CoreLocationFramework_KullanimiUITests.xctest */ = {isa = PBXFileReference; explicitFileType = wrapper.cfbundle; includeInIndex = 0; path = CoreLocationFramework_KullanimiUITests.xctest; sourceTree = BUILT_PRODUCTS_DIR; };
		5FCF5AC42A05122500F4E12E /* CoreLocationFramework_KullanimiUITests.swift */ = {isa = PBXFileReference; lastKnownFileType = sourcecode.swift; path = CoreLocationFramework_KullanimiUITests.swift; sourceTree = "<group>"; };
		5FCF5AC62A05122500F4E12E /* CoreLocationFramework_KullanimiUITestsLaunchTests.swift */ = {isa = PBXFileReference; lastKnownFileType = sourcecode.swift; path = CoreLocationFramework_KullanimiUITestsLaunchTests.swift; sourceTree = "<group>"; };
		5FCF5AD42A0512B700F4E12E /* CoreLocation.framework */ = {isa = PBXFileReference; lastKnownFileType = wrapper.framework; name = CoreLocation.framework; path = System/Library/Frameworks/CoreLocation.framework; sourceTree = SDKROOT; };
		5FCF5AD62A05177300F4E12E /* MapKitKullanimViewController.swift */ = {isa = PBXFileReference; lastKnownFileType = sourcecode.swift; path = MapKitKullanimViewController.swift; sourceTree = "<group>"; };
		5FCF5AD82A05226B00F4E12E /* CoreLocationAndMapKitVC.swift */ = {isa = PBXFileReference; lastKnownFileType = sourcecode.swift; path = CoreLocationAndMapKitVC.swift; sourceTree = "<group>"; };
/* End PBXFileReference section */

/* Begin PBXFrameworksBuildPhase section */
		5FCF5A9D2A05122400F4E12E /* Frameworks */ = {
			isa = PBXFrameworksBuildPhase;
			buildActionMask = 2147483647;
			files = (
				5FCF5AD52A0512B700F4E12E /* CoreLocation.framework in Frameworks */,
			);
			runOnlyForDeploymentPostprocessing = 0;
		};
		5FCF5AB32A05122500F4E12E /* Frameworks */ = {
			isa = PBXFrameworksBuildPhase;
			buildActionMask = 2147483647;
			files = (
			);
			runOnlyForDeploymentPostprocessing = 0;
		};
		5FCF5ABD2A05122500F4E12E /* Frameworks */ = {
			isa = PBXFrameworksBuildPhase;
			buildActionMask = 2147483647;
			files = (
			);
			runOnlyForDeploymentPostprocessing = 0;
		};
/* End PBXFrameworksBuildPhase section */

/* Begin PBXGroup section */
		5FCF5A972A05122400F4E12E = {
			isa = PBXGroup;
			children = (
				5FCF5AA22A05122400F4E12E /* CoreLocationFramework_Kullanimi */,
				5FCF5AB92A05122500F4E12E /* CoreLocationFramework_KullanimiTests */,
				5FCF5AC32A05122500F4E12E /* CoreLocationFramework_KullanimiUITests */,
				5FCF5AA12A05122400F4E12E /* Products */,
				5FCF5AD32A0512B600F4E12E /* Frameworks */,
			);
			sourceTree = "<group>";
		};
		5FCF5AA12A05122400F4E12E /* Products */ = {
			isa = PBXGroup;
			children = (
				5FCF5AA02A05122400F4E12E /* CoreLocationFramework_Kullanimi.app */,
				5FCF5AB62A05122500F4E12E /* CoreLocationFramework_KullanimiTests.xctest */,
				5FCF5AC02A05122500F4E12E /* CoreLocationFramework_KullanimiUITests.xctest */,
			);
			name = Products;
			sourceTree = "<group>";
		};
		5FCF5AA22A05122400F4E12E /* CoreLocationFramework_Kullanimi */ = {
			isa = PBXGroup;
			children = (
				5FCF5AA32A05122400F4E12E /* AppDelegate.swift */,
				5FCF5AA52A05122400F4E12E /* SceneDelegate.swift */,
				5FCF5AA72A05122400F4E12E /* ViewController.swift */,
				5FCF5AD62A05177300F4E12E /* MapKitKullanimViewController.swift */,
				5FCF5AD82A05226B00F4E12E /* CoreLocationAndMapKitVC.swift */,
				5FCF5AA92A05122400F4E12E /* Main.storyboard */,
				5FCF5AAC2A05122500F4E12E /* Assets.xcassets */,
				5FCF5AAE2A05122500F4E12E /* LaunchScreen.storyboard */,
				5FCF5AB12A05122500F4E12E /* Info.plist */,
			);
			path = CoreLocationFramework_Kullanimi;
			sourceTree = "<group>";
		};
		5FCF5AB92A05122500F4E12E /* CoreLocationFramework_KullanimiTests */ = {
			isa = PBXGroup;
			children = (
				5FCF5ABA2A05122500F4E12E /* CoreLocationFramework_KullanimiTests.swift */,
			);
			path = CoreLocationFramework_KullanimiTests;
			sourceTree = "<group>";
		};
		5FCF5AC32A05122500F4E12E /* CoreLocationFramework_KullanimiUITests */ = {
			isa = PBXGroup;
			children = (
				5FCF5AC42A05122500F4E12E /* CoreLocationFramework_KullanimiUITests.swift */,
				5FCF5AC62A05122500F4E12E /* CoreLocationFramework_KullanimiUITestsLaunchTests.swift */,
			);
			path = CoreLocationFramework_KullanimiUITests;
			sourceTree = "<group>";
		};
		5FCF5AD32A0512B600F4E12E /* Frameworks */ = {
			isa = PBXGroup;
			children = (
				5FCF5AD42A0512B700F4E12E /* CoreLocation.framework */,
			);
			name = Frameworks;
			sourceTree = "<group>";
		};
/* End PBXGroup section */

/* Begin PBXNativeTarget section */
		5FCF5A9F2A05122400F4E12E /* CoreLocationFramework_Kullanimi */ = {
			isa = PBXNativeTarget;
			buildConfigurationList = 5FCF5ACA2A05122500F4E12E /* Build configuration list for PBXNativeTarget "CoreLocationFramework_Kullanimi" */;
			buildPhases = (
				5FCF5A9C2A05122400F4E12E /* Sources */,
				5FCF5A9D2A05122400F4E12E /* Frameworks */,
				5FCF5A9E2A05122400F4E12E /* Resources */,
			);
			buildRules = (
			);
			dependencies = (
			);
			name = CoreLocationFramework_Kullanimi;
			productName = CoreLocationFramework_Kullanimi;
			productReference = 5FCF5AA02A05122400F4E12E /* CoreLocationFramework_Kullanimi.app */;
			productType = "com.apple.product-type.application";
		};
		5FCF5AB52A05122500F4E12E /* CoreLocationFramework_KullanimiTests */ = {
			isa = PBXNativeTarget;
			buildConfigurationList = 5FCF5ACD2A05122500F4E12E /* Build configuration list for PBXNativeTarget "CoreLocationFramework_KullanimiTests" */;
			buildPhases = (
				5FCF5AB22A05122500F4E12E /* Sources */,
				5FCF5AB32A05122500F4E12E /* Frameworks */,
				5FCF5AB42A05122500F4E12E /* Resources */,
			);
			buildRules = (
			);
			dependencies = (
				5FCF5AB82A05122500F4E12E /* PBXTargetDependency */,
			);
			name = CoreLocationFramework_KullanimiTests;
			productName = CoreLocationFramework_KullanimiTests;
			productReference = 5FCF5AB62A05122500F4E12E /* CoreLocationFramework_KullanimiTests.xctest */;
			productType = "com.apple.product-type.bundle.unit-test";
		};
		5FCF5ABF2A05122500F4E12E /* CoreLocationFramework_KullanimiUITests */ = {
			isa = PBXNativeTarget;
			buildConfigurationList = 5FCF5AD02A05122500F4E12E /* Build configuration list for PBXNativeTarget "CoreLocationFramework_KullanimiUITests" */;
			buildPhases = (
				5FCF5ABC2A05122500F4E12E /* Sources */,
				5FCF5ABD2A05122500F4E12E /* Frameworks */,
				5FCF5ABE2A05122500F4E12E /* Resources */,
			);
			buildRules = (
			);
			dependencies = (
				5FCF5AC22A05122500F4E12E /* PBXTargetDependency */,
			);
			name = CoreLocationFramework_KullanimiUITests;
			productName = CoreLocationFramework_KullanimiUITests;
			productReference = 5FCF5AC02A05122500F4E12E /* CoreLocationFramework_KullanimiUITests.xctest */;
			productType = "com.apple.product-type.bundle.ui-testing";
		};
/* End PBXNativeTarget section */

/* Begin PBXProject section */
		5FCF5A982A05122400F4E12E /* Project object */ = {
			isa = PBXProject;
			attributes = {
				BuildIndependentTargetsInParallel = 1;
				LastSwiftUpdateCheck = 1430;
				LastUpgradeCheck = 1430;
				TargetAttributes = {
					5FCF5A9F2A05122400F4E12E = {
						CreatedOnToolsVersion = 14.3;
					};
					5FCF5AB52A05122500F4E12E = {
						CreatedOnToolsVersion = 14.3;
						TestTargetID = 5FCF5A9F2A05122400F4E12E;
					};
					5FCF5ABF2A05122500F4E12E = {
						CreatedOnToolsVersion = 14.3;
						TestTargetID = 5FCF5A9F2A05122400F4E12E;
					};
				};
			};
			buildConfigurationList = 5FCF5A9B2A05122400F4E12E /* Build configuration list for PBXProject "CoreLocationFramework_Kullanimi" */;
			compatibilityVersion = "Xcode 14.0";
			developmentRegion = en;
			hasScannedForEncodings = 0;
			knownRegions = (
				en,
				Base,
			);
			mainGroup = 5FCF5A972A05122400F4E12E;
			productRefGroup = 5FCF5AA12A05122400F4E12E /* Products */;
			projectDirPath = "";
			projectRoot = "";
			targets = (
				5FCF5A9F2A05122400F4E12E /* CoreLocationFramework_Kullanimi */,
				5FCF5AB52A05122500F4E12E /* CoreLocationFramework_KullanimiTests */,
				5FCF5ABF2A05122500F4E12E /* CoreLocationFramework_KullanimiUITests */,
			);
		};
/* End PBXProject section */

/* Begin PBXResourcesBuildPhase section */
		5FCF5A9E2A05122400F4E12E /* Resources */ = {
			isa = PBXResourcesBuildPhase;
			buildActionMask = 2147483647;
			files = (
				5FCF5AB02A05122500F4E12E /* LaunchScreen.storyboard in Resources */,
				5FCF5AAD2A05122500F4E12E /* Assets.xcassets in Resources */,
				5FCF5AAB2A05122400F4E12E /* Main.storyboard in Resources */,
			);
			runOnlyForDeploymentPostprocessing = 0;
		};
		5FCF5AB42A05122500F4E12E /* Resources */ = {
			isa = PBXResourcesBuildPhase;
			buildActionMask = 2147483647;
			files = (
			);
			runOnlyForDeploymentPostprocessing = 0;
		};
		5FCF5ABE2A05122500F4E12E /* Resources */ = {
			isa = PBXResourcesBuildPhase;
			buildActionMask = 2147483647;
			files = (
			);
			runOnlyForDeploymentPostprocessing = 0;
		};
/* End PBXResourcesBuildPhase section */

/* Begin PBXSourcesBuildPhase section */
		5FCF5A9C2A05122400F4E12E /* Sources */ = {
			isa = PBXSourcesBuildPhase;
			buildActionMask = 2147483647;
			files = (
				5FCF5AA82A05122400F4E12E /* ViewController.swift in Sources */,
				5FCF5AD92A05226B00F4E12E /* CoreLocationAndMapKitVC.swift in Sources */,
				5FCF5AA42A05122400F4E12E /* AppDelegate.swift in Sources */,
				5FCF5AA62A05122400F4E12E /* SceneDelegate.swift in Sources */,
				5FCF5AD72A05177300F4E12E /* MapKitKullanimViewController.swift in Sources */,
			);
			runOnlyForDeploymentPostprocessing = 0;
		};
		5FCF5AB22A05122500F4E12E /* Sources */ = {
			isa = PBXSourcesBuildPhase;
			buildActionMask = 2147483647;
			files = (
				5FCF5ABB2A05122500F4E12E /* CoreLocationFramework_KullanimiTests.swift in Sources */,
			);
			runOnlyForDeploymentPostprocessing = 0;
		};
		5FCF5ABC2A05122500F4E12E /* Sources */ = {
			isa = PBXSourcesBuildPhase;
			buildActionMask = 2147483647;
			files = (
				5FCF5AC72A05122500F4E12E /* CoreLocationFramework_KullanimiUITestsLaunchTests.swift in Sources */,
				5FCF5AC52A05122500F4E12E /* CoreLocationFramework_KullanimiUITests.swift in Sources */,
			);
			runOnlyForDeploymentPostprocessing = 0;
		};
/* End PBXSourcesBuildPhase section */

/* Begin PBXTargetDependency section */
		5FCF5AB82A05122500F4E12E /* PBXTargetDependency */ = {
			isa = PBXTargetDependency;
			target = 5FCF5A9F2A05122400F4E12E /* CoreLocationFramework_Kullanimi */;
			targetProxy = 5FCF5AB72A05122500F4E12E /* PBXContainerItemProxy */;
		};
		5FCF5AC22A05122500F4E12E /* PBXTargetDependency */ = {
			isa = PBXTargetDependency;
			target = 5FCF5A9F2A05122400F4E12E /* CoreLocationFramework_Kullanimi */;
			targetProxy = 5FCF5AC12A05122500F4E12E /* PBXContainerItemProxy */;
		};
/* End PBXTargetDependency section */

/* Begin PBXVariantGroup section */
		5FCF5AA92A05122400F4E12E /* Main.storyboard */ = {
			isa = PBXVariantGroup;
			children = (
				5FCF5AAA2A05122400F4E12E /* Base */,
			);
			name = Main.storyboard;
			sourceTree = "<group>";
		};
		5FCF5AAE2A05122500F4E12E /* LaunchScreen.storyboard */ = {
			isa = PBXVariantGroup;
			children = (
				5FCF5AAF2A05122500F4E12E /* Base */,
			);
			name = LaunchScreen.storyboard;
			sourceTree = "<group>";
		};
/* End PBXVariantGroup section */

/* Begin XCBuildConfiguration section */
		5FCF5AC82A05122500F4E12E /* Debug */ = {
			isa = XCBuildConfiguration;
			buildSettings = {
				ALWAYS_SEARCH_USER_PATHS = NO;
				CLANG_ANALYZER_NONNULL = YES;
				CLANG_ANALYZER_NUMBER_OBJECT_CONVERSION = YES_AGGRESSIVE;
				CLANG_CXX_LANGUAGE_STANDARD = "gnu++20";
				CLANG_ENABLE_MODULES = YES;
				CLANG_ENABLE_OBJC_ARC = YES;
				CLANG_ENABLE_OBJC_WEAK = YES;
				CLANG_WARN_BLOCK_CAPTURE_AUTORELEASING = YES;
				CLANG_WARN_BOOL_CONVERSION = YES;
				CLANG_WARN_COMMA = YES;
				CLANG_WARN_CONSTANT_CONVERSION = YES;
				CLANG_WARN_DEPRECATED_OBJC_IMPLEMENTATIONS = YES;
				CLANG_WARN_DIRECT_OBJC_ISA_USAGE = YES_ERROR;
				CLANG_WARN_DOCUMENTATION_COMMENTS = YES;
				CLANG_WARN_EMPTY_BODY = YES;
				CLANG_WARN_ENUM_CONVERSION = YES;
				CLANG_WARN_INFINITE_RECURSION = YES;
				CLANG_WARN_INT_CONVERSION = YES;
				CLANG_WARN_NON_LITERAL_NULL_CONVERSION = YES;
				CLANG_WARN_OBJC_IMPLICIT_RETAIN_SELF = YES;
				CLANG_WARN_OBJC_LITERAL_CONVERSION = YES;
				CLANG_WARN_OBJC_ROOT_CLASS = YES_ERROR;
				CLANG_WARN_QUOTED_INCLUDE_IN_FRAMEWORK_HEADER = YES;
				CLANG_WARN_RANGE_LOOP_ANALYSIS = YES;
				CLANG_WARN_STRICT_PROTOTYPES = YES;
				CLANG_WARN_SUSPICIOUS_MOVE = YES;
				CLANG_WARN_UNGUARDED_AVAILABILITY = YES_AGGRESSIVE;
				CLANG_WARN_UNREACHABLE_CODE = YES;
				CLANG_WARN__DUPLICATE_METHOD_MATCH = YES;
				COPY_PHASE_STRIP = NO;
				DEBUG_INFORMATION_FORMAT = dwarf;
				ENABLE_STRICT_OBJC_MSGSEND = YES;
				ENABLE_TESTABILITY = YES;
				GCC_C_LANGUAGE_STANDARD = gnu11;
				GCC_DYNAMIC_NO_PIC = NO;
				GCC_NO_COMMON_BLOCKS = YES;
				GCC_OPTIMIZATION_LEVEL = 0;
				GCC_PREPROCESSOR_DEFINITIONS = (
					"DEBUG=1",
					"$(inherited)",
				);
				GCC_WARN_64_TO_32_BIT_CONVERSION = YES;
				GCC_WARN_ABOUT_RETURN_TYPE = YES_ERROR;
				GCC_WARN_UNDECLARED_SELECTOR = YES;
				GCC_WARN_UNINITIALIZED_AUTOS = YES_AGGRESSIVE;
				GCC_WARN_UNUSED_FUNCTION = YES;
				GCC_WARN_UNUSED_VARIABLE = YES;
				IPHONEOS_DEPLOYMENT_TARGET = 16.4;
				MTL_ENABLE_DEBUG_INFO = INCLUDE_SOURCE;
				MTL_FAST_MATH = YES;
				ONLY_ACTIVE_ARCH = YES;
				SDKROOT = iphoneos;
				SWIFT_ACTIVE_COMPILATION_CONDITIONS = DEBUG;
				SWIFT_OPTIMIZATION_LEVEL = "-Onone";
			};
			name = Debug;
		};
		5FCF5AC92A05122500F4E12E /* Release */ = {
			isa = XCBuildConfiguration;
			buildSettings = {
				ALWAYS_SEARCH_USER_PATHS = NO;
				CLANG_ANALYZER_NONNULL = YES;
				CLANG_ANALYZER_NUMBER_OBJECT_CONVERSION = YES_AGGRESSIVE;
				CLANG_CXX_LANGUAGE_STANDARD = "gnu++20";
				CLANG_ENABLE_MODULES = YES;
				CLANG_ENABLE_OBJC_ARC = YES;
				CLANG_ENABLE_OBJC_WEAK = YES;
				CLANG_WARN_BLOCK_CAPTURE_AUTORELEASING = YES;
				CLANG_WARN_BOOL_CONVERSION = YES;
				CLANG_WARN_COMMA = YES;
				CLANG_WARN_CONSTANT_CONVERSION = YES;
				CLANG_WARN_DEPRECATED_OBJC_IMPLEMENTATIONS = YES;
				CLANG_WARN_DIRECT_OBJC_ISA_USAGE = YES_ERROR;
				CLANG_WARN_DOCUMENTATION_COMMENTS = YES;
				CLANG_WARN_EMPTY_BODY = YES;
				CLANG_WARN_ENUM_CONVERSION = YES;
				CLANG_WARN_INFINITE_RECURSION = YES;
				CLANG_WARN_INT_CONVERSION = YES;
				CLANG_WARN_NON_LITERAL_NULL_CONVERSION = YES;
				CLANG_WARN_OBJC_IMPLICIT_RETAIN_SELF = YES;
				CLANG_WARN_OBJC_LITERAL_CONVERSION = YES;
				CLANG_WARN_OBJC_ROOT_CLASS = YES_ERROR;
				CLANG_WARN_QUOTED_INCLUDE_IN_FRAMEWORK_HEADER = YES;
				CLANG_WARN_RANGE_LOOP_ANALYSIS = YES;
				CLANG_WARN_STRICT_PROTOTYPES = YES;
				CLANG_WARN_SUSPICIOUS_MOVE = YES;
				CLANG_WARN_UNGUARDED_AVAILABILITY = YES_AGGRESSIVE;
				CLANG_WARN_UNREACHABLE_CODE = YES;
				CLANG_WARN__DUPLICATE_METHOD_MATCH = YES;
				COPY_PHASE_STRIP = NO;
				DEBUG_INFORMATION_FORMAT = "dwarf-with-dsym";
				ENABLE_NS_ASSERTIONS = NO;
				ENABLE_STRICT_OBJC_MSGSEND = YES;
				GCC_C_LANGUAGE_STANDARD = gnu11;
				GCC_NO_COMMON_BLOCKS = YES;
				GCC_WARN_64_TO_32_BIT_CONVERSION = YES;
				GCC_WARN_ABOUT_RETURN_TYPE = YES_ERROR;
				GCC_WARN_UNDECLARED_SELECTOR = YES;
				GCC_WARN_UNINITIALIZED_AUTOS = YES_AGGRESSIVE;
				GCC_WARN_UNUSED_FUNCTION = YES;
				GCC_WARN_UNUSED_VARIABLE = YES;
				IPHONEOS_DEPLOYMENT_TARGET = 16.4;
				MTL_ENABLE_DEBUG_INFO = NO;
				MTL_FAST_MATH = YES;
				SDKROOT = iphoneos;
				SWIFT_COMPILATION_MODE = wholemodule;
				SWIFT_OPTIMIZATION_LEVEL = "-O";
				VALIDATE_PRODUCT = YES;
			};
			name = Release;
		};
		5FCF5ACB2A05122500F4E12E /* Debug */ = {
			isa = XCBuildConfiguration;
			buildSettings = {
				ASSETCATALOG_COMPILER_APPICON_NAME = AppIcon;
				ASSETCATALOG_COMPILER_GLOBAL_ACCENT_COLOR_NAME = AccentColor;
				CODE_SIGN_STYLE = Automatic;
				CURRENT_PROJECT_VERSION = 1;
				DEVELOPMENT_TEAM = UKXQYP47Y9;
				GENERATE_INFOPLIST_FILE = YES;
				INFOPLIST_FILE = CoreLocationFramework_Kullanimi/Info.plist;
				INFOPLIST_KEY_NSLocationWhenInUseUsageDescription = "Lokasyon izni";
				INFOPLIST_KEY_UIApplicationSupportsIndirectInputEvents = YES;
				INFOPLIST_KEY_UILaunchStoryboardName = LaunchScreen;
				INFOPLIST_KEY_UIMainStoryboardFile = Main;
				INFOPLIST_KEY_UISupportedInterfaceOrientations_iPad = "UIInterfaceOrientationPortrait UIInterfaceOrientationPortraitUpsideDown UIInterfaceOrientationLandscapeLeft UIInterfaceOrientationLandscapeRight";
				INFOPLIST_KEY_UISupportedInterfaceOrientations_iPhone = "UIInterfaceOrientationPortrait UIInterfaceOrientationLandscapeLeft UIInterfaceOrientationLandscapeRight";
				LD_RUNPATH_SEARCH_PATHS = (
					"$(inherited)",
					"@executable_path/Frameworks",
				);
				MARKETING_VERSION = 1.0;
				PRODUCT_BUNDLE_IDENTIFIER = "com.tahaturan.testone.CoreLocationFramework-Kullanimi";
				PRODUCT_NAME = "$(TARGET_NAME)";
				SWIFT_EMIT_LOC_STRINGS = YES;
				SWIFT_VERSION = 5.0;
				TARGETED_DEVICE_FAMILY = "1,2";
			};
			name = Debug;
		};
		5FCF5ACC2A05122500F4E12E /* Release */ = {
			isa = XCBuildConfiguration;
			buildSettings = {
				ASSETCATALOG_COMPILER_APPICON_NAME = AppIcon;
				ASSETCATALOG_COMPILER_GLOBAL_ACCENT_COLOR_NAME = AccentColor;
				CODE_SIGN_STYLE = Automatic;
				CURRENT_PROJECT_VERSION = 1;
				DEVELOPMENT_TEAM = UKXQYP47Y9;
				GENERATE_INFOPLIST_FILE = YES;
				INFOPLIST_FILE = CoreLocationFramework_Kullanimi/Info.plist;
				INFOPLIST_KEY_NSLocationWhenInUseUsageDescription = "Lokasyon izni";
				INFOPLIST_KEY_UIApplicationSupportsIndirectInputEvents = YES;
				INFOPLIST_KEY_UILaunchStoryboardName = LaunchScreen;
				INFOPLIST_KEY_UIMainStoryboardFile = Main;
				INFOPLIST_KEY_UISupportedInterfaceOrientations_iPad = "UIInterfaceOrientationPortrait UIInterfaceOrientationPortraitUpsideDown UIInterfaceOrientationLandscapeLeft UIInterfaceOrientationLandscapeRight";
				INFOPLIST_KEY_UISupportedInterfaceOrientations_iPhone = "UIInterfaceOrientationPortrait UIInterfaceOrientationLandscapeLeft UIInterfaceOrientationLandscapeRight";
				LD_RUNPATH_SEARCH_PATHS = (
					"$(inherited)",
					"@executable_path/Frameworks",
				);
				MARKETING_VERSION = 1.0;
				PRODUCT_BUNDLE_IDENTIFIER = "com.tahaturan.testone.CoreLocationFramework-Kullanimi";
				PRODUCT_NAME = "$(TARGET_NAME)";
				SWIFT_EMIT_LOC_STRINGS = YES;
				SWIFT_VERSION = 5.0;
				TARGETED_DEVICE_FAMILY = "1,2";
			};
			name = Release;
		};
		5FCF5ACE2A05122500F4E12E /* Debug */ = {
			isa = XCBuildConfiguration;
			buildSettings = {
				ALWAYS_EMBED_SWIFT_STANDARD_LIBRARIES = YES;
				BUNDLE_LOADER = "$(TEST_HOST)";
				CODE_SIGN_STYLE = Automatic;
				CURRENT_PROJECT_VERSION = 1;
				DEVELOPMENT_TEAM = UKXQYP47Y9;
				GENERATE_INFOPLIST_FILE = YES;
				IPHONEOS_DEPLOYMENT_TARGET = 16.4;
				MARKETING_VERSION = 1.0;
				PRODUCT_BUNDLE_IDENTIFIER = "com.tahaturan.testone.CoreLocationFramework-KullanimiTests";
				PRODUCT_NAME = "$(TARGET_NAME)";
				SWIFT_EMIT_LOC_STRINGS = NO;
				SWIFT_VERSION = 5.0;
				TARGETED_DEVICE_FAMILY = "1,2";
				TEST_HOST = "$(BUILT_PRODUCTS_DIR)/CoreLocationFramework_Kullanimi.app/$(BUNDLE_EXECUTABLE_FOLDER_PATH)/CoreLocationFramework_Kullanimi";
			};
			name = Debug;
		};
		5FCF5ACF2A05122500F4E12E /* Release */ = {
			isa = XCBuildConfiguration;
			buildSettings = {
				ALWAYS_EMBED_SWIFT_STANDARD_LIBRARIES = YES;
				BUNDLE_LOADER = "$(TEST_HOST)";
				CODE_SIGN_STYLE = Automatic;
				CURRENT_PROJECT_VERSION = 1;
				DEVELOPMENT_TEAM = UKXQYP47Y9;
				GENERATE_INFOPLIST_FILE = YES;
				IPHONEOS_DEPLOYMENT_TARGET = 16.4;
				MARKETING_VERSION = 1.0;
				PRODUCT_BUNDLE_IDENTIFIER = "com.tahaturan.testone.CoreLocationFramework-KullanimiTests";
				PRODUCT_NAME = "$(TARGET_NAME)";
				SWIFT_EMIT_LOC_STRINGS = NO;
				SWIFT_VERSION = 5.0;
				TARGETED_DEVICE_FAMILY = "1,2";
				TEST_HOST = "$(BUILT_PRODUCTS_DIR)/CoreLocationFramework_Kullanimi.app/$(BUNDLE_EXECUTABLE_FOLDER_PATH)/CoreLocationFramework_Kullanimi";
			};
			name = Release;
		};
		5FCF5AD12A05122500F4E12E /* Debug */ = {
			isa = XCBuildConfiguration;
			buildSettings = {
				ALWAYS_EMBED_SWIFT_STANDARD_LIBRARIES = YES;
				CODE_SIGN_STYLE = Automatic;
				CURRENT_PROJECT_VERSION = 1;
				DEVELOPMENT_TEAM = UKXQYP47Y9;
				GENERATE_INFOPLIST_FILE = YES;
				MARKETING_VERSION = 1.0;
				PRODUCT_BUNDLE_IDENTIFIER = "com.tahaturan.testone.CoreLocationFramework-KullanimiUITests";
				PRODUCT_NAME = "$(TARGET_NAME)";
				SWIFT_EMIT_LOC_STRINGS = NO;
				SWIFT_VERSION = 5.0;
				TARGETED_DEVICE_FAMILY = "1,2";
				TEST_TARGET_NAME = CoreLocationFramework_Kullanimi;
			};
			name = Debug;
		};
		5FCF5AD22A05122500F4E12E /* Release */ = {
			isa = XCBuildConfiguration;
			buildSettings = {
				ALWAYS_EMBED_SWIFT_STANDARD_LIBRARIES = YES;
				CODE_SIGN_STYLE = Automatic;
				CURRENT_PROJECT_VERSION = 1;
				DEVELOPMENT_TEAM = UKXQYP47Y9;
				GENERATE_INFOPLIST_FILE = YES;
				MARKETING_VERSION = 1.0;
				PRODUCT_BUNDLE_IDENTIFIER = "com.tahaturan.testone.CoreLocationFramework-KullanimiUITests";
				PRODUCT_NAME = "$(TARGET_NAME)";
				SWIFT_EMIT_LOC_STRINGS = NO;
				SWIFT_VERSION = 5.0;
				TARGETED_DEVICE_FAMILY = "1,2";
				TEST_TARGET_NAME = CoreLocationFramework_Kullanimi;
			};
			name = Release;
		};
/* End XCBuildConfiguration section */

/* Begin XCConfigurationList section */
		5FCF5A9B2A05122400F4E12E /* Build configuration list for PBXProject "CoreLocationFramework_Kullanimi" */ = {
			isa = XCConfigurationList;
			buildConfigurations = (
				5FCF5AC82A05122500F4E12E /* Debug */,
				5FCF5AC92A05122500F4E12E /* Release */,
			);
			defaultConfigurationIsVisible = 0;
			defaultConfigurationName = Release;
		};
		5FCF5ACA2A05122500F4E12E /* Build configuration list for PBXNativeTarget "CoreLocationFramework_Kullanimi" */ = {
			isa = XCConfigurationList;
			buildConfigurations = (
				5FCF5ACB2A05122500F4E12E /* Debug */,
				5FCF5ACC2A05122500F4E12E /* Release */,
			);
			defaultConfigurationIsVisible = 0;
			defaultConfigurationName = Release;
		};
		5FCF5ACD2A05122500F4E12E /* Build configuration list for PBXNativeTarget "CoreLocationFramework_KullanimiTests" */ = {
			isa = XCConfigurationList;
			buildConfigurations = (
				5FCF5ACE2A05122500F4E12E /* Debug */,
				5FCF5ACF2A05122500F4E12E /* Release */,
			);
			defaultConfigurationIsVisible = 0;
			defaultConfigurationName = Release;
		};
		5FCF5AD02A05122500F4E12E /* Build configuration list for PBXNativeTarget "CoreLocationFramework_KullanimiUITests" */ = {
			isa = XCConfigurationList;
			buildConfigurations = (
				5FCF5AD12A05122500F4E12E /* Debug */,
				5FCF5AD22A05122500F4E12E /* Release */,
			);
			defaultConfigurationIsVisible = 0;
			defaultConfigurationName = Release;
		};
/* End XCConfigurationList section */
	};
	rootObject = 5FCF5A982A05122400F4E12E /* Project object */;
}
